Microsoft Visual Studio Solution File, Format Version 8.00
Project("{8BC9CEB8-8B4A-11D0-8D11-00A0C91BC942}") = "Messb", "Messb.vcproj", "{A560ADC0-76E8-4B12-82BA-2F0E1C7852F5}"
	ProjectSection(ProjectDependencies) = postProject
	EndProjectSection
EndProject
Global
	GlobalSection(SolutionConfiguration) = preSolution
		Debug = Debug
		Release = Release
	EndGlobalSection
	GlobalSection(ProjectConfiguration) = postSolution
		{A560ADC0-76E8-4B12-82BA-2F0E1C7852F5}.Debug.ActiveCfg = Debug|Win32
		{A560ADC0-76E8-4B12-82BA-2F0E1C7852F5}.Debug.Build.0 = Debug|Win32
		{A560ADC0-76E8-4B12-82BA-2F0E1C7852F5}.Release.ActiveCfg = Release|Win32
		{A560ADC0-76E8-4B12-82BA-2F0E1C7852F5}.Release.Build.0 = Release|Win32
	EndGlobalSection
	GlobalSection(ExtensibilityGlobals) = postSolution
	EndGlobalSection
	GlobalSection(ExtensibilityAddIns) = postSolution
	EndGlobalSection
EndGlobal
