
Microsoft Visual Studio Solution File, Format Version 10.00
# Visual Studio 2008
Project("{2150E333-8FDC-42A3-9474-1A3956D46DE8}") = "Solution Items", "Solution Items", "{44C72330-1D9B-403E-B262-8758A214BC70}"
	ProjectSection(SolutionItems) = preProject
		MadiEx.vsd = MadiEx.vsd
	EndProjectSection
EndProject
Project("{8BC9CEB8-8B4A-11D0-8D11-00A0C91BC942}") = "MadiEx", "MadiEx.vcproj", "{7ED7B77E-1F7B-4317-B649-AB3697B7EDA9}"
	ProjectSection(ProjectDependencies) = postProject
		{21424B0A-87FD-4CD6-AE52-EE658A7B0EB7} = {21424B0A-87FD-4CD6-AE52-EE658A7B0EB7}
		{EB5AFF0F-AF7F-44B7-AC89-D3CA642C1222} = {EB5AFF0F-AF7F-44B7-AC89-D3CA642C1222}
		{6A950917-332A-4BB7-8088-D83356C02A0B} = {6A950917-332A-4BB7-8088-D83356C02A0B}
		{07505424-E959-4DF9-9E12-91A593DFD360} = {07505424-E959-4DF9-9E12-91A593DFD360}
		{AC823640-6801-4E7E-A8AE-DA1F4A57CB09} = {AC823640-6801-4E7E-A8AE-DA1F4A57CB09}
		{D94E2141-800F-4B94-8464-C2D58B8B5604} = {D94E2141-800F-4B94-8464-C2D58B8B5604}
		{21780565-FA1B-444F-8E24-CF87CBBC842C} = {21780565-FA1B-444F-8E24-CF87CBBC842C}
		{59028081-24AA-4478-8E8B-FF0CBC7A24C2} = {59028081-24AA-4478-8E8B-FF0CBC7A24C2}
		{8D913FCC-D188-44B0-B2D6-9EA088E1BD83} = {8D913FCC-D188-44B0-B2D6-9EA088E1BD83}
		{73FBBACC-993B-46F4-A59F-7F27BBA87614} = {73FBBACC-993B-46F4-A59F-7F27BBA87614}
		{904DACD6-D272-446B-B494-C585CAFFD6E4} = {904DACD6-D272-446B-B494-C585CAFFD6E4}
		{6316F8F8-1D76-4990-AA4F-F5E7D8E31E8F} = {6316F8F8-1D76-4990-AA4F-F5E7D8E31E8F}
	EndProjectSection
EndProject
Project("{8BC9CEB8-8B4A-11D0-8D11-00A0C91BC942}") = "Std", "..\..\Lib\Std\Std.vcproj", "{21780565-FA1B-444F-8E24-CF87CBBC842C}"
EndProject
Project("{8BC9CEB8-8B4A-11D0-8D11-00A0C91BC942}") = "regrid", "..\..\Lib\regrid\regrid.vcproj", "{6316F8F8-1D76-4990-AA4F-F5E7D8E31E8F}"
EndProject
Project("{8BC9CEB8-8B4A-11D0-8D11-00A0C91BC942}") = "Ref", "..\..\Lib\Ref\Ref.vcproj", "{21424B0A-87FD-4CD6-AE52-EE658A7B0EB7}"
EndProject
Project("{8BC9CEB8-8B4A-11D0-8D11-00A0C91BC942}") = "quadpack", "..\..\Lib\quadpack\quadpack.vcproj", "{EB5AFF0F-AF7F-44B7-AC89-D3CA642C1222}"
EndProject
Project("{8BC9CEB8-8B4A-11D0-8D11-00A0C91BC942}") = "MultiMin", "..\..\Lib\MultiMin\MultiMin.vcproj", "{07505424-E959-4DF9-9E12-91A593DFD360}"
EndProject
Project("{8BC9CEB8-8B4A-11D0-8D11-00A0C91BC942}") = "Math", "..\..\Lib\Math\Math.vcproj", "{D94E2141-800F-4B94-8464-C2D58B8B5604}"
EndProject
Project("{8BC9CEB8-8B4A-11D0-8D11-00A0C91BC942}") = "EOS", "..\..\Lib\EOS\EOS.vcproj", "{AC823640-6801-4E7E-A8AE-DA1F4A57CB09}"
EndProject
Project("{8BC9CEB8-8B4A-11D0-8D11-00A0C91BC942}") = "adi_dou", "..\adi_dou\adi_dou.vcproj", "{B8CF89E9-EAA9-4249-BC2C-ADC26474A006}"
	ProjectSection(ProjectDependencies) = postProject
		{21424B0A-87FD-4CD6-AE52-EE658A7B0EB7} = {21424B0A-87FD-4CD6-AE52-EE658A7B0EB7}
		{EB5AFF0F-AF7F-44B7-AC89-D3CA642C1222} = {EB5AFF0F-AF7F-44B7-AC89-D3CA642C1222}
		{6A950917-332A-4BB7-8088-D83356C02A0B} = {6A950917-332A-4BB7-8088-D83356C02A0B}
		{07505424-E959-4DF9-9E12-91A593DFD360} = {07505424-E959-4DF9-9E12-91A593DFD360}
		{AC823640-6801-4E7E-A8AE-DA1F4A57CB09} = {AC823640-6801-4E7E-A8AE-DA1F4A57CB09}
		{D94E2141-800F-4B94-8464-C2D58B8B5604} = {D94E2141-800F-4B94-8464-C2D58B8B5604}
		{93D14C44-3062-4A83-95F3-C379AB3E80A1} = {93D14C44-3062-4A83-95F3-C379AB3E80A1}
		{21780565-FA1B-444F-8E24-CF87CBBC842C} = {21780565-FA1B-444F-8E24-CF87CBBC842C}
		{59028081-24AA-4478-8E8B-FF0CBC7A24C2} = {59028081-24AA-4478-8E8B-FF0CBC7A24C2}
		{8D913FCC-D188-44B0-B2D6-9EA088E1BD83} = {8D913FCC-D188-44B0-B2D6-9EA088E1BD83}
		{73FBBACC-993B-46F4-A59F-7F27BBA87614} = {73FBBACC-993B-46F4-A59F-7F27BBA87614}
		{904DACD6-D272-446B-B494-C585CAFFD6E4} = {904DACD6-D272-446B-B494-C585CAFFD6E4}
		{6316F8F8-1D76-4990-AA4F-F5E7D8E31E8F} = {6316F8F8-1D76-4990-AA4F-F5E7D8E31E8F}
	EndProjectSection
EndProject
Project("{8BC9CEB8-8B4A-11D0-8D11-00A0C91BC942}") = "cell_kru", "..\cell_kru\cell_kru.vcproj", "{8CC45FD8-86D8-4007-A2D5-D92003F5D2B5}"
	ProjectSection(ProjectDependencies) = postProject
		{21424B0A-87FD-4CD6-AE52-EE658A7B0EB7} = {21424B0A-87FD-4CD6-AE52-EE658A7B0EB7}
		{EB5AFF0F-AF7F-44B7-AC89-D3CA642C1222} = {EB5AFF0F-AF7F-44B7-AC89-D3CA642C1222}
		{6A950917-332A-4BB7-8088-D83356C02A0B} = {6A950917-332A-4BB7-8088-D83356C02A0B}
		{07505424-E959-4DF9-9E12-91A593DFD360} = {07505424-E959-4DF9-9E12-91A593DFD360}
		{AC823640-6801-4E7E-A8AE-DA1F4A57CB09} = {AC823640-6801-4E7E-A8AE-DA1F4A57CB09}
		{D94E2141-800F-4B94-8464-C2D58B8B5604} = {D94E2141-800F-4B94-8464-C2D58B8B5604}
		{21780565-FA1B-444F-8E24-CF87CBBC842C} = {21780565-FA1B-444F-8E24-CF87CBBC842C}
		{59028081-24AA-4478-8E8B-FF0CBC7A24C2} = {59028081-24AA-4478-8E8B-FF0CBC7A24C2}
		{8D913FCC-D188-44B0-B2D6-9EA088E1BD83} = {8D913FCC-D188-44B0-B2D6-9EA088E1BD83}
		{73FBBACC-993B-46F4-A59F-7F27BBA87614} = {73FBBACC-993B-46F4-A59F-7F27BBA87614}
		{904DACD6-D272-446B-B494-C585CAFFD6E4} = {904DACD6-D272-446B-B494-C585CAFFD6E4}
		{6316F8F8-1D76-4990-AA4F-F5E7D8E31E8F} = {6316F8F8-1D76-4990-AA4F-F5E7D8E31E8F}
	EndProjectSection
EndProject
Project("{8BC9CEB8-8B4A-11D0-8D11-00A0C91BC942}") = "cell_dat", "..\cell_dat\cell_dat.vcproj", "{F66F9012-728F-40E8-B858-6972B9DAB28E}"
	ProjectSection(ProjectDependencies) = postProject
		{21424B0A-87FD-4CD6-AE52-EE658A7B0EB7} = {21424B0A-87FD-4CD6-AE52-EE658A7B0EB7}
		{EB5AFF0F-AF7F-44B7-AC89-D3CA642C1222} = {EB5AFF0F-AF7F-44B7-AC89-D3CA642C1222}
		{6A950917-332A-4BB7-8088-D83356C02A0B} = {6A950917-332A-4BB7-8088-D83356C02A0B}
		{07505424-E959-4DF9-9E12-91A593DFD360} = {07505424-E959-4DF9-9E12-91A593DFD360}
		{AC823640-6801-4E7E-A8AE-DA1F4A57CB09} = {AC823640-6801-4E7E-A8AE-DA1F4A57CB09}
		{D94E2141-800F-4B94-8464-C2D58B8B5604} = {D94E2141-800F-4B94-8464-C2D58B8B5604}
		{21780565-FA1B-444F-8E24-CF87CBBC842C} = {21780565-FA1B-444F-8E24-CF87CBBC842C}
		{59028081-24AA-4478-8E8B-FF0CBC7A24C2} = {59028081-24AA-4478-8E8B-FF0CBC7A24C2}
		{8D913FCC-D188-44B0-B2D6-9EA088E1BD83} = {8D913FCC-D188-44B0-B2D6-9EA088E1BD83}
		{73FBBACC-993B-46F4-A59F-7F27BBA87614} = {73FBBACC-993B-46F4-A59F-7F27BBA87614}
		{904DACD6-D272-446B-B494-C585CAFFD6E4} = {904DACD6-D272-446B-B494-C585CAFFD6E4}
		{6316F8F8-1D76-4990-AA4F-F5E7D8E31E8F} = {6316F8F8-1D76-4990-AA4F-F5E7D8E31E8F}
	EndProjectSection
EndProject
Project("{8BC9CEB8-8B4A-11D0-8D11-00A0C91BC942}") = "Madi_construction", "..\Madi_construction\Madi_construction.vcproj", "{A55944FE-4A7B-4968-8A24-B001DCED3C4C}"
	ProjectSection(ProjectDependencies) = postProject
		{21424B0A-87FD-4CD6-AE52-EE658A7B0EB7} = {21424B0A-87FD-4CD6-AE52-EE658A7B0EB7}
		{EB5AFF0F-AF7F-44B7-AC89-D3CA642C1222} = {EB5AFF0F-AF7F-44B7-AC89-D3CA642C1222}
		{6A950917-332A-4BB7-8088-D83356C02A0B} = {6A950917-332A-4BB7-8088-D83356C02A0B}
		{07505424-E959-4DF9-9E12-91A593DFD360} = {07505424-E959-4DF9-9E12-91A593DFD360}
		{AC823640-6801-4E7E-A8AE-DA1F4A57CB09} = {AC823640-6801-4E7E-A8AE-DA1F4A57CB09}
		{D94E2141-800F-4B94-8464-C2D58B8B5604} = {D94E2141-800F-4B94-8464-C2D58B8B5604}
		{21780565-FA1B-444F-8E24-CF87CBBC842C} = {21780565-FA1B-444F-8E24-CF87CBBC842C}
		{59028081-24AA-4478-8E8B-FF0CBC7A24C2} = {59028081-24AA-4478-8E8B-FF0CBC7A24C2}
		{8D913FCC-D188-44B0-B2D6-9EA088E1BD83} = {8D913FCC-D188-44B0-B2D6-9EA088E1BD83}
		{73FBBACC-993B-46F4-A59F-7F27BBA87614} = {73FBBACC-993B-46F4-A59F-7F27BBA87614}
		{904DACD6-D272-446B-B494-C585CAFFD6E4} = {904DACD6-D272-446B-B494-C585CAFFD6E4}
		{22CA55F4-8467-4005-9897-A5B7878C066A} = {22CA55F4-8467-4005-9897-A5B7878C066A}
		{6316F8F8-1D76-4990-AA4F-F5E7D8E31E8F} = {6316F8F8-1D76-4990-AA4F-F5E7D8E31E8F}
	EndProjectSection
EndProject
Project("{8BC9CEB8-8B4A-11D0-8D11-00A0C91BC942}") = "data", "..\..\Lib\data\data.vcproj", "{22CA55F4-8467-4005-9897-A5B7878C066A}"
EndProject
Project("{8BC9CEB8-8B4A-11D0-8D11-00A0C91BC942}") = "main_test", "..\..\Lib\main_test\main_test.vcproj", "{BC7B827A-2907-4FDA-810F-3114DFA3B82C}"
	ProjectSection(ProjectDependencies) = postProject
		{21424B0A-87FD-4CD6-AE52-EE658A7B0EB7} = {21424B0A-87FD-4CD6-AE52-EE658A7B0EB7}
		{21780565-FA1B-444F-8E24-CF87CBBC842C} = {21780565-FA1B-444F-8E24-CF87CBBC842C}
		{8D913FCC-D188-44B0-B2D6-9EA088E1BD83} = {8D913FCC-D188-44B0-B2D6-9EA088E1BD83}
		{73FBBACC-993B-46F4-A59F-7F27BBA87614} = {73FBBACC-993B-46F4-A59F-7F27BBA87614}
		{22CA55F4-8467-4005-9897-A5B7878C066A} = {22CA55F4-8467-4005-9897-A5B7878C066A}
	EndProjectSection
EndProject
Project("{8BC9CEB8-8B4A-11D0-8D11-00A0C91BC942}") = "test_urs", "..\test_urs\test_urs.vcproj", "{7E30C7B4-C25F-40C8-8A5E-4CB842C6D4B2}"
	ProjectSection(ProjectDependencies) = postProject
		{21424B0A-87FD-4CD6-AE52-EE658A7B0EB7} = {21424B0A-87FD-4CD6-AE52-EE658A7B0EB7}
		{21780565-FA1B-444F-8E24-CF87CBBC842C} = {21780565-FA1B-444F-8E24-CF87CBBC842C}
	EndProjectSection
EndProject
Project("{8BC9CEB8-8B4A-11D0-8D11-00A0C91BC942}") = "urs_curve", "..\urs_curve\urs_curve.vcproj", "{18757878-F4E8-46D0-88D7-D9DC0538B737}"
	ProjectSection(ProjectDependencies) = postProject
		{21424B0A-87FD-4CD6-AE52-EE658A7B0EB7} = {21424B0A-87FD-4CD6-AE52-EE658A7B0EB7}
		{EB5AFF0F-AF7F-44B7-AC89-D3CA642C1222} = {EB5AFF0F-AF7F-44B7-AC89-D3CA642C1222}
		{6A950917-332A-4BB7-8088-D83356C02A0B} = {6A950917-332A-4BB7-8088-D83356C02A0B}
		{07505424-E959-4DF9-9E12-91A593DFD360} = {07505424-E959-4DF9-9E12-91A593DFD360}
		{AC823640-6801-4E7E-A8AE-DA1F4A57CB09} = {AC823640-6801-4E7E-A8AE-DA1F4A57CB09}
		{D94E2141-800F-4B94-8464-C2D58B8B5604} = {D94E2141-800F-4B94-8464-C2D58B8B5604}
		{93D14C44-3062-4A83-95F3-C379AB3E80A1} = {93D14C44-3062-4A83-95F3-C379AB3E80A1}
		{21780565-FA1B-444F-8E24-CF87CBBC842C} = {21780565-FA1B-444F-8E24-CF87CBBC842C}
		{59028081-24AA-4478-8E8B-FF0CBC7A24C2} = {59028081-24AA-4478-8E8B-FF0CBC7A24C2}
		{8D913FCC-D188-44B0-B2D6-9EA088E1BD83} = {8D913FCC-D188-44B0-B2D6-9EA088E1BD83}
		{73FBBACC-993B-46F4-A59F-7F27BBA87614} = {73FBBACC-993B-46F4-A59F-7F27BBA87614}
		{904DACD6-D272-446B-B494-C585CAFFD6E4} = {904DACD6-D272-446B-B494-C585CAFFD6E4}
		{22CA55F4-8467-4005-9897-A5B7878C066A} = {22CA55F4-8467-4005-9897-A5B7878C066A}
		{6316F8F8-1D76-4990-AA4F-F5E7D8E31E8F} = {6316F8F8-1D76-4990-AA4F-F5E7D8E31E8F}
	EndProjectSection
EndProject
Project("{8BC9CEB8-8B4A-11D0-8D11-00A0C91BC942}") = "urs_curve_lib", "..\..\Lib\urs_curve_lib\urs_curve_lib.vcproj", "{93D14C44-3062-4A83-95F3-C379AB3E80A1}"
EndProject
Project("{8BC9CEB8-8B4A-11D0-8D11-00A0C91BC942}") = "Messb", "..\..\Lib\Messb\Messb.vcproj", "{A560ADC0-76E8-4B12-82BA-2F0E1C7852F5}"
EndProject
Project("{8BC9CEB8-8B4A-11D0-8D11-00A0C91BC942}") = "calc_lib", "..\..\Lib\calc_lib\calc_lib.vcproj", "{904DACD6-D272-446B-B494-C585CAFFD6E4}"
EndProject
Project("{8BC9CEB8-8B4A-11D0-8D11-00A0C91BC942}") = "Lex_Anal_lib", "..\..\Lib\Lex_Anal_lib\Lex_Anal_lib.vcproj", "{8D913FCC-D188-44B0-B2D6-9EA088E1BD83}"
EndProject
Project("{8BC9CEB8-8B4A-11D0-8D11-00A0C91BC942}") = "calc_simple", "..\..\Util\Calculator\calc_simple\calc_simple.vcproj", "{2C437635-D739-4A42-A99B-B5FA47997033}"
	ProjectSection(ProjectDependencies) = postProject
		{21424B0A-87FD-4CD6-AE52-EE658A7B0EB7} = {21424B0A-87FD-4CD6-AE52-EE658A7B0EB7}
		{21780565-FA1B-444F-8E24-CF87CBBC842C} = {21780565-FA1B-444F-8E24-CF87CBBC842C}
		{8D913FCC-D188-44B0-B2D6-9EA088E1BD83} = {8D913FCC-D188-44B0-B2D6-9EA088E1BD83}
		{904DACD6-D272-446B-B494-C585CAFFD6E4} = {904DACD6-D272-446B-B494-C585CAFFD6E4}
		{22CA55F4-8467-4005-9897-A5B7878C066A} = {22CA55F4-8467-4005-9897-A5B7878C066A}
	EndProjectSection
EndProject
Project("{8BC9CEB8-8B4A-11D0-8D11-00A0C91BC942}") = "test", "..\test\test.vcproj", "{E9A86882-79A8-446C-8B85-3E6C29C2EB8B}"
	ProjectSection(ProjectDependencies) = postProject
		{6A950917-332A-4BB7-8088-D83356C02A0B} = {6A950917-332A-4BB7-8088-D83356C02A0B}
		{59028081-24AA-4478-8E8B-FF0CBC7A24C2} = {59028081-24AA-4478-8E8B-FF0CBC7A24C2}
	EndProjectSection
EndProject
Project("{8BC9CEB8-8B4A-11D0-8D11-00A0C91BC942}") = "test_lib", "..\..\Lib\test_lib\test_lib.vcproj", "{18E34B20-16F3-44E8-B9C6-BAC417843E03}"
EndProject
Project("{8BC9CEB8-8B4A-11D0-8D11-00A0C91BC942}") = "math_func", "..\..\Lib\math_func\math_func.vcproj", "{6A950917-332A-4BB7-8088-D83356C02A0B}"
EndProject
Project("{8BC9CEB8-8B4A-11D0-8D11-00A0C91BC942}") = "libf2c", "..\..\Lib\libf2c\libf2c.vcproj", "{59028081-24AA-4478-8E8B-FF0CBC7A24C2}"
EndProject
Project("{8BC9CEB8-8B4A-11D0-8D11-00A0C91BC942}") = "noiseremove", "..\..\External\noiseremove\noiseremove.vcproj", "{698DB798-0BE2-44A6-8DBB-A4FAADD5D394}"
	ProjectSection(ProjectDependencies) = postProject
		{59028081-24AA-4478-8E8B-FF0CBC7A24C2} = {59028081-24AA-4478-8E8B-FF0CBC7A24C2}
	EndProjectSection
EndProject
Project("{8BC9CEB8-8B4A-11D0-8D11-00A0C91BC942}") = "wavelet_exe", "..\..\Lib\wavelet_exe\wavelet_exe.vcproj", "{53E6AC3E-9D28-4BEE-8186-8468CE77209D}"
EndProject
Project("{8BC9CEB8-8B4A-11D0-8D11-00A0C91BC942}") = "wavelet", "..\..\Lib\wavelet\wavelet.vcproj", "{73FBBACC-993B-46F4-A59F-7F27BBA87614}"
EndProject
Project("{8BC9CEB8-8B4A-11D0-8D11-00A0C91BC942}") = "poly_test", "..\..\polygon\poly_test\poly_test.vcproj", "{171C3453-7874-423B-9FCE-D44987B76109}"
	ProjectSection(ProjectDependencies) = postProject
		{21424B0A-87FD-4CD6-AE52-EE658A7B0EB7} = {21424B0A-87FD-4CD6-AE52-EE658A7B0EB7}
		{EB5AFF0F-AF7F-44B7-AC89-D3CA642C1222} = {EB5AFF0F-AF7F-44B7-AC89-D3CA642C1222}
		{6A950917-332A-4BB7-8088-D83356C02A0B} = {6A950917-332A-4BB7-8088-D83356C02A0B}
		{07505424-E959-4DF9-9E12-91A593DFD360} = {07505424-E959-4DF9-9E12-91A593DFD360}
		{AC823640-6801-4E7E-A8AE-DA1F4A57CB09} = {AC823640-6801-4E7E-A8AE-DA1F4A57CB09}
		{D94E2141-800F-4B94-8464-C2D58B8B5604} = {D94E2141-800F-4B94-8464-C2D58B8B5604}
		{21780565-FA1B-444F-8E24-CF87CBBC842C} = {21780565-FA1B-444F-8E24-CF87CBBC842C}
		{59028081-24AA-4478-8E8B-FF0CBC7A24C2} = {59028081-24AA-4478-8E8B-FF0CBC7A24C2}
		{E3E58DA9-F1D2-4EA6-B53B-A1B0D23719B9} = {E3E58DA9-F1D2-4EA6-B53B-A1B0D23719B9}
		{8D913FCC-D188-44B0-B2D6-9EA088E1BD83} = {8D913FCC-D188-44B0-B2D6-9EA088E1BD83}
		{73FBBACC-993B-46F4-A59F-7F27BBA87614} = {73FBBACC-993B-46F4-A59F-7F27BBA87614}
		{904DACD6-D272-446B-B494-C585CAFFD6E4} = {904DACD6-D272-446B-B494-C585CAFFD6E4}
		{22CA55F4-8467-4005-9897-A5B7878C066A} = {22CA55F4-8467-4005-9897-A5B7878C066A}
		{6316F8F8-1D76-4990-AA4F-F5E7D8E31E8F} = {6316F8F8-1D76-4990-AA4F-F5E7D8E31E8F}
	EndProjectSection
EndProject
Project("{8BC9CEB8-8B4A-11D0-8D11-00A0C91BC942}") = "poly_lib", "..\..\polygon\poly_lib\poly_lib.vcproj", "{E3E58DA9-F1D2-4EA6-B53B-A1B0D23719B9}"
EndProject
Project("{8BC9CEB8-8B4A-11D0-8D11-00A0C91BC942}") = "ivl_cvt", "..\ivl_cvt\ivl_cvt.vcproj", "{5B4DFE06-BEBE-4DBF-861B-3E262350F46A}"
	ProjectSection(ProjectDependencies) = postProject
		{21424B0A-87FD-4CD6-AE52-EE658A7B0EB7} = {21424B0A-87FD-4CD6-AE52-EE658A7B0EB7}
		{EB5AFF0F-AF7F-44B7-AC89-D3CA642C1222} = {EB5AFF0F-AF7F-44B7-AC89-D3CA642C1222}
		{6A950917-332A-4BB7-8088-D83356C02A0B} = {6A950917-332A-4BB7-8088-D83356C02A0B}
		{07505424-E959-4DF9-9E12-91A593DFD360} = {07505424-E959-4DF9-9E12-91A593DFD360}
		{AC823640-6801-4E7E-A8AE-DA1F4A57CB09} = {AC823640-6801-4E7E-A8AE-DA1F4A57CB09}
		{D94E2141-800F-4B94-8464-C2D58B8B5604} = {D94E2141-800F-4B94-8464-C2D58B8B5604}
		{21780565-FA1B-444F-8E24-CF87CBBC842C} = {21780565-FA1B-444F-8E24-CF87CBBC842C}
		{59028081-24AA-4478-8E8B-FF0CBC7A24C2} = {59028081-24AA-4478-8E8B-FF0CBC7A24C2}
		{02F00382-A1CA-42B4-83BA-2734B08B6422} = {02F00382-A1CA-42B4-83BA-2734B08B6422}
		{8D913FCC-D188-44B0-B2D6-9EA088E1BD83} = {8D913FCC-D188-44B0-B2D6-9EA088E1BD83}
		{904DACD6-D272-446B-B494-C585CAFFD6E4} = {904DACD6-D272-446B-B494-C585CAFFD6E4}
		{22CA55F4-8467-4005-9897-A5B7878C066A} = {22CA55F4-8467-4005-9897-A5B7878C066A}
		{6316F8F8-1D76-4990-AA4F-F5E7D8E31E8F} = {6316F8F8-1D76-4990-AA4F-F5E7D8E31E8F}
	EndProjectSection
EndProject
Project("{8BC9CEB8-8B4A-11D0-8D11-00A0C91BC942}") = "box_lib", "..\..\Lib\box_lib\box_lib.vcproj", "{02F00382-A1CA-42B4-83BA-2734B08B6422}"
EndProject
Project("{8BC9CEB8-8B4A-11D0-8D11-00A0C91BC942}") = "checktest", "..\..\Util\checktest\checktest.vcproj", "{1920F579-5554-492A-8593-C88F6155275C}"
	ProjectSection(ProjectDependencies) = postProject
		{21424B0A-87FD-4CD6-AE52-EE658A7B0EB7} = {21424B0A-87FD-4CD6-AE52-EE658A7B0EB7}
		{21780565-FA1B-444F-8E24-CF87CBBC842C} = {21780565-FA1B-444F-8E24-CF87CBBC842C}
	EndProjectSection
EndProject
Project("{8BC9CEB8-8B4A-11D0-8D11-00A0C91BC942}") = "madibin", "..\..\Util\madibin\madibin.vcproj", "{9EFCD6CB-464D-4DC8-AB26-2160305759F4}"
	ProjectSection(ProjectDependencies) = postProject
		{21424B0A-87FD-4CD6-AE52-EE658A7B0EB7} = {21424B0A-87FD-4CD6-AE52-EE658A7B0EB7}
		{21780565-FA1B-444F-8E24-CF87CBBC842C} = {21780565-FA1B-444F-8E24-CF87CBBC842C}
		{D723FC91-4C77-4A84-85C0-40CF4A1759FF} = {D723FC91-4C77-4A84-85C0-40CF4A1759FF}
	EndProjectSection
EndProject
Project("{8BC9CEB8-8B4A-11D0-8D11-00A0C91BC942}") = "janson", "..\..\Util\janson\janson.vcproj", "{D723FC91-4C77-4A84-85C0-40CF4A1759FF}"
EndProject
Global
	GlobalSection(SolutionConfigurationPlatforms) = preSolution
		Debug|Win32 = Debug|Win32
		Release_Diss|Win32 = Release_Diss|Win32
		Release_Internal|Win32 = Release_Internal|Win32
		Release|Win32 = Release|Win32
	EndGlobalSection
	GlobalSection(ProjectConfigurationPlatforms) = postSolution
		{7ED7B77E-1F7B-4317-B649-AB3697B7EDA9}.Debug|Win32.ActiveCfg = Debug|Win32
		{7ED7B77E-1F7B-4317-B649-AB3697B7EDA9}.Debug|Win32.Build.0 = Debug|Win32
		{7ED7B77E-1F7B-4317-B649-AB3697B7EDA9}.Release_Diss|Win32.ActiveCfg = Release_Diss|Win32
		{7ED7B77E-1F7B-4317-B649-AB3697B7EDA9}.Release_Diss|Win32.Build.0 = Release_Diss|Win32
		{7ED7B77E-1F7B-4317-B649-AB3697B7EDA9}.Release_Internal|Win32.ActiveCfg = Release_Internal|Win32
		{7ED7B77E-1F7B-4317-B649-AB3697B7EDA9}.Release_Internal|Win32.Build.0 = Release_Internal|Win32
		{7ED7B77E-1F7B-4317-B649-AB3697B7EDA9}.Release|Win32.ActiveCfg = Release|Win32
		{7ED7B77E-1F7B-4317-B649-AB3697B7EDA9}.Release|Win32.Build.0 = Release|Win32
		{21780565-FA1B-444F-8E24-CF87CBBC842C}.Debug|Win32.ActiveCfg = Debug|Win32
		{21780565-FA1B-444F-8E24-CF87CBBC842C}.Debug|Win32.Build.0 = Debug|Win32
		{21780565-FA1B-444F-8E24-CF87CBBC842C}.Release_Diss|Win32.ActiveCfg = Release_Diss|Win32
		{21780565-FA1B-444F-8E24-CF87CBBC842C}.Release_Diss|Win32.Build.0 = Release_Diss|Win32
		{21780565-FA1B-444F-8E24-CF87CBBC842C}.Release_Internal|Win32.ActiveCfg = Release_Internal|Win32
		{21780565-FA1B-444F-8E24-CF87CBBC842C}.Release_Internal|Win32.Build.0 = Release_Internal|Win32
		{21780565-FA1B-444F-8E24-CF87CBBC842C}.Release|Win32.ActiveCfg = Release|Win32
		{21780565-FA1B-444F-8E24-CF87CBBC842C}.Release|Win32.Build.0 = Release|Win32
		{6316F8F8-1D76-4990-AA4F-F5E7D8E31E8F}.Debug|Win32.ActiveCfg = Debug|Win32
		{6316F8F8-1D76-4990-AA4F-F5E7D8E31E8F}.Debug|Win32.Build.0 = Debug|Win32
		{6316F8F8-1D76-4990-AA4F-F5E7D8E31E8F}.Release_Diss|Win32.ActiveCfg = Release_Diss|Win32
		{6316F8F8-1D76-4990-AA4F-F5E7D8E31E8F}.Release_Diss|Win32.Build.0 = Release_Diss|Win32
		{6316F8F8-1D76-4990-AA4F-F5E7D8E31E8F}.Release_Internal|Win32.ActiveCfg = Release_Internal|Win32
		{6316F8F8-1D76-4990-AA4F-F5E7D8E31E8F}.Release_Internal|Win32.Build.0 = Release_Internal|Win32
		{6316F8F8-1D76-4990-AA4F-F5E7D8E31E8F}.Release|Win32.ActiveCfg = Release|Win32
		{6316F8F8-1D76-4990-AA4F-F5E7D8E31E8F}.Release|Win32.Build.0 = Release|Win32
		{21424B0A-87FD-4CD6-AE52-EE658A7B0EB7}.Debug|Win32.ActiveCfg = Debug|Win32
		{21424B0A-87FD-4CD6-AE52-EE658A7B0EB7}.Debug|Win32.Build.0 = Debug|Win32
		{21424B0A-87FD-4CD6-AE52-EE658A7B0EB7}.Release_Diss|Win32.ActiveCfg = Release_Diss|Win32
		{21424B0A-87FD-4CD6-AE52-EE658A7B0EB7}.Release_Diss|Win32.Build.0 = Release_Diss|Win32
		{21424B0A-87FD-4CD6-AE52-EE658A7B0EB7}.Release_Internal|Win32.ActiveCfg = Release_Internal|Win32
		{21424B0A-87FD-4CD6-AE52-EE658A7B0EB7}.Release_Internal|Win32.Build.0 = Release_Internal|Win32
		{21424B0A-87FD-4CD6-AE52-EE658A7B0EB7}.Release|Win32.ActiveCfg = Release|Win32
		{21424B0A-87FD-4CD6-AE52-EE658A7B0EB7}.Release|Win32.Build.0 = Release|Win32
		{EB5AFF0F-AF7F-44B7-AC89-D3CA642C1222}.Debug|Win32.ActiveCfg = Debug|Win32
		{EB5AFF0F-AF7F-44B7-AC89-D3CA642C1222}.Debug|Win32.Build.0 = Debug|Win32
		{EB5AFF0F-AF7F-44B7-AC89-D3CA642C1222}.Release_Diss|Win32.ActiveCfg = Release_Diss|Win32
		{EB5AFF0F-AF7F-44B7-AC89-D3CA642C1222}.Release_Diss|Win32.Build.0 = Release_Diss|Win32
		{EB5AFF0F-AF7F-44B7-AC89-D3CA642C1222}.Release_Internal|Win32.ActiveCfg = Release_Internal|Win32
		{EB5AFF0F-AF7F-44B7-AC89-D3CA642C1222}.Release_Internal|Win32.Build.0 = Release_Internal|Win32
		{EB5AFF0F-AF7F-44B7-AC89-D3CA642C1222}.Release|Win32.ActiveCfg = Release|Win32
		{EB5AFF0F-AF7F-44B7-AC89-D3CA642C1222}.Release|Win32.Build.0 = Release|Win32
		{07505424-E959-4DF9-9E12-91A593DFD360}.Debug|Win32.ActiveCfg = Debug|Win32
		{07505424-E959-4DF9-9E12-91A593DFD360}.Debug|Win32.Build.0 = Debug|Win32
		{07505424-E959-4DF9-9E12-91A593DFD360}.Release_Diss|Win32.ActiveCfg = Release_Diss|Win32
		{07505424-E959-4DF9-9E12-91A593DFD360}.Release_Diss|Win32.Build.0 = Release_Diss|Win32
		{07505424-E959-4DF9-9E12-91A593DFD360}.Release_Internal|Win32.ActiveCfg = Release_Internal|Win32
		{07505424-E959-4DF9-9E12-91A593DFD360}.Release_Internal|Win32.Build.0 = Release_Internal|Win32
		{07505424-E959-4DF9-9E12-91A593DFD360}.Release|Win32.ActiveCfg = Release|Win32
		{07505424-E959-4DF9-9E12-91A593DFD360}.Release|Win32.Build.0 = Release|Win32
		{D94E2141-800F-4B94-8464-C2D58B8B5604}.Debug|Win32.ActiveCfg = Debug|Win32
		{D94E2141-800F-4B94-8464-C2D58B8B5604}.Debug|Win32.Build.0 = Debug|Win32
		{D94E2141-800F-4B94-8464-C2D58B8B5604}.Release_Diss|Win32.ActiveCfg = Release_Diss|Win32
		{D94E2141-800F-4B94-8464-C2D58B8B5604}.Release_Diss|Win32.Build.0 = Release_Diss|Win32
		{D94E2141-800F-4B94-8464-C2D58B8B5604}.Release_Internal|Win32.ActiveCfg = Release_Internal|Win32
		{D94E2141-800F-4B94-8464-C2D58B8B5604}.Release_Internal|Win32.Build.0 = Release_Internal|Win32
		{D94E2141-800F-4B94-8464-C2D58B8B5604}.Release|Win32.ActiveCfg = Release|Win32
		{D94E2141-800F-4B94-8464-C2D58B8B5604}.Release|Win32.Build.0 = Release|Win32
		{AC823640-6801-4E7E-A8AE-DA1F4A57CB09}.Debug|Win32.ActiveCfg = Debug|Win32
		{AC823640-6801-4E7E-A8AE-DA1F4A57CB09}.Debug|Win32.Build.0 = Debug|Win32
		{AC823640-6801-4E7E-A8AE-DA1F4A57CB09}.Release_Diss|Win32.ActiveCfg = Release_Diss|Win32
		{AC823640-6801-4E7E-A8AE-DA1F4A57CB09}.Release_Diss|Win32.Build.0 = Release_Diss|Win32
		{AC823640-6801-4E7E-A8AE-DA1F4A57CB09}.Release_Internal|Win32.ActiveCfg = Release_Internal|Win32
		{AC823640-6801-4E7E-A8AE-DA1F4A57CB09}.Release_Internal|Win32.Build.0 = Release_Internal|Win32
		{AC823640-6801-4E7E-A8AE-DA1F4A57CB09}.Release|Win32.ActiveCfg = Release|Win32
		{AC823640-6801-4E7E-A8AE-DA1F4A57CB09}.Release|Win32.Build.0 = Release|Win32
		{B8CF89E9-EAA9-4249-BC2C-ADC26474A006}.Debug|Win32.ActiveCfg = Debug|Win32
		{B8CF89E9-EAA9-4249-BC2C-ADC26474A006}.Debug|Win32.Build.0 = Debug|Win32
		{B8CF89E9-EAA9-4249-BC2C-ADC26474A006}.Release_Diss|Win32.ActiveCfg = Release_Diss|Win32
		{B8CF89E9-EAA9-4249-BC2C-ADC26474A006}.Release_Diss|Win32.Build.0 = Release_Diss|Win32
		{B8CF89E9-EAA9-4249-BC2C-ADC26474A006}.Release_Internal|Win32.ActiveCfg = Release_Internal|Win32
		{B8CF89E9-EAA9-4249-BC2C-ADC26474A006}.Release_Internal|Win32.Build.0 = Release_Internal|Win32
		{B8CF89E9-EAA9-4249-BC2C-ADC26474A006}.Release|Win32.ActiveCfg = Release|Win32
		{B8CF89E9-EAA9-4249-BC2C-ADC26474A006}.Release|Win32.Build.0 = Release|Win32
		{8CC45FD8-86D8-4007-A2D5-D92003F5D2B5}.Debug|Win32.ActiveCfg = Debug|Win32
		{8CC45FD8-86D8-4007-A2D5-D92003F5D2B5}.Debug|Win32.Build.0 = Debug|Win32
		{8CC45FD8-86D8-4007-A2D5-D92003F5D2B5}.Release_Diss|Win32.ActiveCfg = Release_Diss|Win32
		{8CC45FD8-86D8-4007-A2D5-D92003F5D2B5}.Release_Diss|Win32.Build.0 = Release_Diss|Win32
		{8CC45FD8-86D8-4007-A2D5-D92003F5D2B5}.Release_Internal|Win32.ActiveCfg = Release_Internal|Win32
		{8CC45FD8-86D8-4007-A2D5-D92003F5D2B5}.Release_Internal|Win32.Build.0 = Release_Internal|Win32
		{8CC45FD8-86D8-4007-A2D5-D92003F5D2B5}.Release|Win32.ActiveCfg = Release|Win32
		{8CC45FD8-86D8-4007-A2D5-D92003F5D2B5}.Release|Win32.Build.0 = Release|Win32
		{F66F9012-728F-40E8-B858-6972B9DAB28E}.Debug|Win32.ActiveCfg = Debug|Win32
		{F66F9012-728F-40E8-B858-6972B9DAB28E}.Debug|Win32.Build.0 = Debug|Win32
		{F66F9012-728F-40E8-B858-6972B9DAB28E}.Release_Diss|Win32.ActiveCfg = Release_Diss|Win32
		{F66F9012-728F-40E8-B858-6972B9DAB28E}.Release_Diss|Win32.Build.0 = Release_Diss|Win32
		{F66F9012-728F-40E8-B858-6972B9DAB28E}.Release_Internal|Win32.ActiveCfg = Release_Internal|Win32
		{F66F9012-728F-40E8-B858-6972B9DAB28E}.Release_Internal|Win32.Build.0 = Release_Internal|Win32
		{F66F9012-728F-40E8-B858-6972B9DAB28E}.Release|Win32.ActiveCfg = Release|Win32
		{F66F9012-728F-40E8-B858-6972B9DAB28E}.Release|Win32.Build.0 = Release|Win32
		{A55944FE-4A7B-4968-8A24-B001DCED3C4C}.Debug|Win32.ActiveCfg = Debug|Win32
		{A55944FE-4A7B-4968-8A24-B001DCED3C4C}.Debug|Win32.Build.0 = Debug|Win32
		{A55944FE-4A7B-4968-8A24-B001DCED3C4C}.Release_Diss|Win32.ActiveCfg = Release|Win32
		{A55944FE-4A7B-4968-8A24-B001DCED3C4C}.Release_Diss|Win32.Build.0 = Release|Win32
		{A55944FE-4A7B-4968-8A24-B001DCED3C4C}.Release_Internal|Win32.ActiveCfg = Release|Win32
		{A55944FE-4A7B-4968-8A24-B001DCED3C4C}.Release_Internal|Win32.Build.0 = Release|Win32
		{A55944FE-4A7B-4968-8A24-B001DCED3C4C}.Release|Win32.ActiveCfg = Release|Win32
		{A55944FE-4A7B-4968-8A24-B001DCED3C4C}.Release|Win32.Build.0 = Release|Win32
		{22CA55F4-8467-4005-9897-A5B7878C066A}.Debug|Win32.ActiveCfg = Debug|Win32
		{22CA55F4-8467-4005-9897-A5B7878C066A}.Debug|Win32.Build.0 = Debug|Win32
		{22CA55F4-8467-4005-9897-A5B7878C066A}.Release_Diss|Win32.ActiveCfg = Release|Win32
		{22CA55F4-8467-4005-9897-A5B7878C066A}.Release_Diss|Win32.Build.0 = Release|Win32
		{22CA55F4-8467-4005-9897-A5B7878C066A}.Release_Internal|Win32.ActiveCfg = Release|Win32
		{22CA55F4-8467-4005-9897-A5B7878C066A}.Release_Internal|Win32.Build.0 = Release|Win32
		{22CA55F4-8467-4005-9897-A5B7878C066A}.Release|Win32.ActiveCfg = Release|Win32
		{22CA55F4-8467-4005-9897-A5B7878C066A}.Release|Win32.Build.0 = Release|Win32
		{BC7B827A-2907-4FDA-810F-3114DFA3B82C}.Debug|Win32.ActiveCfg = Debug|Win32
		{BC7B827A-2907-4FDA-810F-3114DFA3B82C}.Debug|Win32.Build.0 = Debug|Win32
		{BC7B827A-2907-4FDA-810F-3114DFA3B82C}.Release_Diss|Win32.ActiveCfg = Release|Win32
		{BC7B827A-2907-4FDA-810F-3114DFA3B82C}.Release_Diss|Win32.Build.0 = Release|Win32
		{BC7B827A-2907-4FDA-810F-3114DFA3B82C}.Release_Internal|Win32.ActiveCfg = Release|Win32
		{BC7B827A-2907-4FDA-810F-3114DFA3B82C}.Release_Internal|Win32.Build.0 = Release|Win32
		{BC7B827A-2907-4FDA-810F-3114DFA3B82C}.Release|Win32.ActiveCfg = Release|Win32
		{BC7B827A-2907-4FDA-810F-3114DFA3B82C}.Release|Win32.Build.0 = Release|Win32
		{7E30C7B4-C25F-40C8-8A5E-4CB842C6D4B2}.Debug|Win32.ActiveCfg = Debug|Win32
		{7E30C7B4-C25F-40C8-8A5E-4CB842C6D4B2}.Debug|Win32.Build.0 = Debug|Win32
		{7E30C7B4-C25F-40C8-8A5E-4CB842C6D4B2}.Release_Diss|Win32.ActiveCfg = Release|Win32
		{7E30C7B4-C25F-40C8-8A5E-4CB842C6D4B2}.Release_Diss|Win32.Build.0 = Release|Win32
		{7E30C7B4-C25F-40C8-8A5E-4CB842C6D4B2}.Release_Internal|Win32.ActiveCfg = Release|Win32
		{7E30C7B4-C25F-40C8-8A5E-4CB842C6D4B2}.Release_Internal|Win32.Build.0 = Release|Win32
		{7E30C7B4-C25F-40C8-8A5E-4CB842C6D4B2}.Release|Win32.ActiveCfg = Release|Win32
		{7E30C7B4-C25F-40C8-8A5E-4CB842C6D4B2}.Release|Win32.Build.0 = Release|Win32
		{18757878-F4E8-46D0-88D7-D9DC0538B737}.Debug|Win32.ActiveCfg = Debug|Win32
		{18757878-F4E8-46D0-88D7-D9DC0538B737}.Debug|Win32.Build.0 = Debug|Win32
		{18757878-F4E8-46D0-88D7-D9DC0538B737}.Release_Diss|Win32.ActiveCfg = Release|Win32
		{18757878-F4E8-46D0-88D7-D9DC0538B737}.Release_Diss|Win32.Build.0 = Release|Win32
		{18757878-F4E8-46D0-88D7-D9DC0538B737}.Release_Internal|Win32.ActiveCfg = Release|Win32
		{18757878-F4E8-46D0-88D7-D9DC0538B737}.Release_Internal|Win32.Build.0 = Release|Win32
		{18757878-F4E8-46D0-88D7-D9DC0538B737}.Release|Win32.ActiveCfg = Release|Win32
		{18757878-F4E8-46D0-88D7-D9DC0538B737}.Release|Win32.Build.0 = Release|Win32
		{93D14C44-3062-4A83-95F3-C379AB3E80A1}.Debug|Win32.ActiveCfg = Debug|Win32
		{93D14C44-3062-4A83-95F3-C379AB3E80A1}.Debug|Win32.Build.0 = Debug|Win32
		{93D14C44-3062-4A83-95F3-C379AB3E80A1}.Release_Diss|Win32.ActiveCfg = Release|Win32
		{93D14C44-3062-4A83-95F3-C379AB3E80A1}.Release_Diss|Win32.Build.0 = Release|Win32
		{93D14C44-3062-4A83-95F3-C379AB3E80A1}.Release_Internal|Win32.ActiveCfg = Release|Win32
		{93D14C44-3062-4A83-95F3-C379AB3E80A1}.Release_Internal|Win32.Build.0 = Release|Win32
		{93D14C44-3062-4A83-95F3-C379AB3E80A1}.Release|Win32.ActiveCfg = Release|Win32
		{93D14C44-3062-4A83-95F3-C379AB3E80A1}.Release|Win32.Build.0 = Release|Win32
		{A560ADC0-76E8-4B12-82BA-2F0E1C7852F5}.Debug|Win32.ActiveCfg = Debug|Win32
		{A560ADC0-76E8-4B12-82BA-2F0E1C7852F5}.Debug|Win32.Build.0 = Debug|Win32
		{A560ADC0-76E8-4B12-82BA-2F0E1C7852F5}.Release_Diss|Win32.ActiveCfg = Release|Win32
		{A560ADC0-76E8-4B12-82BA-2F0E1C7852F5}.Release_Diss|Win32.Build.0 = Release|Win32
		{A560ADC0-76E8-4B12-82BA-2F0E1C7852F5}.Release_Internal|Win32.ActiveCfg = Release|Win32
		{A560ADC0-76E8-4B12-82BA-2F0E1C7852F5}.Release_Internal|Win32.Build.0 = Release|Win32
		{A560ADC0-76E8-4B12-82BA-2F0E1C7852F5}.Release|Win32.ActiveCfg = Release|Win32
		{A560ADC0-76E8-4B12-82BA-2F0E1C7852F5}.Release|Win32.Build.0 = Release|Win32
		{904DACD6-D272-446B-B494-C585CAFFD6E4}.Debug|Win32.ActiveCfg = Debug|Win32
		{904DACD6-D272-446B-B494-C585CAFFD6E4}.Debug|Win32.Build.0 = Debug|Win32
		{904DACD6-D272-446B-B494-C585CAFFD6E4}.Release_Diss|Win32.ActiveCfg = Release|Win32
		{904DACD6-D272-446B-B494-C585CAFFD6E4}.Release_Diss|Win32.Build.0 = Release|Win32
		{904DACD6-D272-446B-B494-C585CAFFD6E4}.Release_Internal|Win32.ActiveCfg = Release|Win32
		{904DACD6-D272-446B-B494-C585CAFFD6E4}.Release_Internal|Win32.Build.0 = Release|Win32
		{904DACD6-D272-446B-B494-C585CAFFD6E4}.Release|Win32.ActiveCfg = Release|Win32
		{904DACD6-D272-446B-B494-C585CAFFD6E4}.Release|Win32.Build.0 = Release|Win32
		{8D913FCC-D188-44B0-B2D6-9EA088E1BD83}.Debug|Win32.ActiveCfg = Debug|Win32
		{8D913FCC-D188-44B0-B2D6-9EA088E1BD83}.Debug|Win32.Build.0 = Debug|Win32
		{8D913FCC-D188-44B0-B2D6-9EA088E1BD83}.Release_Diss|Win32.ActiveCfg = Release|Win32
		{8D913FCC-D188-44B0-B2D6-9EA088E1BD83}.Release_Diss|Win32.Build.0 = Release|Win32
		{8D913FCC-D188-44B0-B2D6-9EA088E1BD83}.Release_Internal|Win32.ActiveCfg = Release|Win32
		{8D913FCC-D188-44B0-B2D6-9EA088E1BD83}.Release_Internal|Win32.Build.0 = Release|Win32
		{8D913FCC-D188-44B0-B2D6-9EA088E1BD83}.Release|Win32.ActiveCfg = Release|Win32
		{8D913FCC-D188-44B0-B2D6-9EA088E1BD83}.Release|Win32.Build.0 = Release|Win32
		{2C437635-D739-4A42-A99B-B5FA47997033}.Debug|Win32.ActiveCfg = Debug|Win32
		{2C437635-D739-4A42-A99B-B5FA47997033}.Debug|Win32.Build.0 = Debug|Win32
		{2C437635-D739-4A42-A99B-B5FA47997033}.Release_Diss|Win32.ActiveCfg = Release|Win32
		{2C437635-D739-4A42-A99B-B5FA47997033}.Release_Diss|Win32.Build.0 = Release|Win32
		{2C437635-D739-4A42-A99B-B5FA47997033}.Release_Internal|Win32.ActiveCfg = Release|Win32
		{2C437635-D739-4A42-A99B-B5FA47997033}.Release_Internal|Win32.Build.0 = Release|Win32
		{2C437635-D739-4A42-A99B-B5FA47997033}.Release|Win32.ActiveCfg = Release|Win32
		{2C437635-D739-4A42-A99B-B5FA47997033}.Release|Win32.Build.0 = Release|Win32
		{E9A86882-79A8-446C-8B85-3E6C29C2EB8B}.Debug|Win32.ActiveCfg = Debug|Win32
		{E9A86882-79A8-446C-8B85-3E6C29C2EB8B}.Release_Diss|Win32.ActiveCfg = Release|Win32
		{E9A86882-79A8-446C-8B85-3E6C29C2EB8B}.Release_Diss|Win32.Build.0 = Release|Win32
		{E9A86882-79A8-446C-8B85-3E6C29C2EB8B}.Release_Internal|Win32.ActiveCfg = Release|Win32
		{E9A86882-79A8-446C-8B85-3E6C29C2EB8B}.Release_Internal|Win32.Build.0 = Release|Win32
		{E9A86882-79A8-446C-8B85-3E6C29C2EB8B}.Release|Win32.ActiveCfg = Release|Win32
		{18E34B20-16F3-44E8-B9C6-BAC417843E03}.Debug|Win32.ActiveCfg = Debug|Win32
		{18E34B20-16F3-44E8-B9C6-BAC417843E03}.Debug|Win32.Build.0 = Debug|Win32
		{18E34B20-16F3-44E8-B9C6-BAC417843E03}.Release_Diss|Win32.ActiveCfg = Release|Win32
		{18E34B20-16F3-44E8-B9C6-BAC417843E03}.Release_Diss|Win32.Build.0 = Release|Win32
		{18E34B20-16F3-44E8-B9C6-BAC417843E03}.Release_Internal|Win32.ActiveCfg = Release|Win32
		{18E34B20-16F3-44E8-B9C6-BAC417843E03}.Release_Internal|Win32.Build.0 = Release|Win32
		{18E34B20-16F3-44E8-B9C6-BAC417843E03}.Release|Win32.ActiveCfg = Release|Win32
		{18E34B20-16F3-44E8-B9C6-BAC417843E03}.Release|Win32.Build.0 = Release|Win32
		{6A950917-332A-4BB7-8088-D83356C02A0B}.Debug|Win32.ActiveCfg = Debug|Win32
		{6A950917-332A-4BB7-8088-D83356C02A0B}.Debug|Win32.Build.0 = Debug|Win32
		{6A950917-332A-4BB7-8088-D83356C02A0B}.Release_Diss|Win32.ActiveCfg = Release|Win32
		{6A950917-332A-4BB7-8088-D83356C02A0B}.Release_Diss|Win32.Build.0 = Release|Win32
		{6A950917-332A-4BB7-8088-D83356C02A0B}.Release_Internal|Win32.ActiveCfg = Release|Win32
		{6A950917-332A-4BB7-8088-D83356C02A0B}.Release_Internal|Win32.Build.0 = Release|Win32
		{6A950917-332A-4BB7-8088-D83356C02A0B}.Release|Win32.ActiveCfg = Release|Win32
		{6A950917-332A-4BB7-8088-D83356C02A0B}.Release|Win32.Build.0 = Release|Win32
		{59028081-24AA-4478-8E8B-FF0CBC7A24C2}.Debug|Win32.ActiveCfg = Debug|Win32
		{59028081-24AA-4478-8E8B-FF0CBC7A24C2}.Debug|Win32.Build.0 = Debug|Win32
		{59028081-24AA-4478-8E8B-FF0CBC7A24C2}.Release_Diss|Win32.ActiveCfg = Release|Win32
		{59028081-24AA-4478-8E8B-FF0CBC7A24C2}.Release_Diss|Win32.Build.0 = Release|Win32
		{59028081-24AA-4478-8E8B-FF0CBC7A24C2}.Release_Internal|Win32.ActiveCfg = Release|Win32
		{59028081-24AA-4478-8E8B-FF0CBC7A24C2}.Release_Internal|Win32.Build.0 = Release|Win32
		{59028081-24AA-4478-8E8B-FF0CBC7A24C2}.Release|Win32.ActiveCfg = Release|Win32
		{59028081-24AA-4478-8E8B-FF0CBC7A24C2}.Release|Win32.Build.0 = Release|Win32
		{698DB798-0BE2-44A6-8DBB-A4FAADD5D394}.Debug|Win32.ActiveCfg = Debug|Win32
		{698DB798-0BE2-44A6-8DBB-A4FAADD5D394}.Debug|Win32.Build.0 = Debug|Win32
		{698DB798-0BE2-44A6-8DBB-A4FAADD5D394}.Release_Diss|Win32.ActiveCfg = Release|Win32
		{698DB798-0BE2-44A6-8DBB-A4FAADD5D394}.Release_Diss|Win32.Build.0 = Release|Win32
		{698DB798-0BE2-44A6-8DBB-A4FAADD5D394}.Release_Internal|Win32.ActiveCfg = Release|Win32
		{698DB798-0BE2-44A6-8DBB-A4FAADD5D394}.Release_Internal|Win32.Build.0 = Release|Win32
		{698DB798-0BE2-44A6-8DBB-A4FAADD5D394}.Release|Win32.ActiveCfg = Release|Win32
		{698DB798-0BE2-44A6-8DBB-A4FAADD5D394}.Release|Win32.Build.0 = Release|Win32
		{53E6AC3E-9D28-4BEE-8186-8468CE77209D}.Debug|Win32.ActiveCfg = Debug|Win32
		{53E6AC3E-9D28-4BEE-8186-8468CE77209D}.Debug|Win32.Build.0 = Debug|Win32
		{53E6AC3E-9D28-4BEE-8186-8468CE77209D}.Release_Diss|Win32.ActiveCfg = Release|Win32
		{53E6AC3E-9D28-4BEE-8186-8468CE77209D}.Release_Diss|Win32.Build.0 = Release|Win32
		{53E6AC3E-9D28-4BEE-8186-8468CE77209D}.Release_Internal|Win32.ActiveCfg = Release|Win32
		{53E6AC3E-9D28-4BEE-8186-8468CE77209D}.Release_Internal|Win32.Build.0 = Release|Win32
		{53E6AC3E-9D28-4BEE-8186-8468CE77209D}.Release|Win32.ActiveCfg = Release|Win32
		{53E6AC3E-9D28-4BEE-8186-8468CE77209D}.Release|Win32.Build.0 = Release|Win32
		{73FBBACC-993B-46F4-A59F-7F27BBA87614}.Debug|Win32.ActiveCfg = Debug|Win32
		{73FBBACC-993B-46F4-A59F-7F27BBA87614}.Debug|Win32.Build.0 = Debug|Win32
		{73FBBACC-993B-46F4-A59F-7F27BBA87614}.Release_Diss|Win32.ActiveCfg = Release|Win32
		{73FBBACC-993B-46F4-A59F-7F27BBA87614}.Release_Diss|Win32.Build.0 = Release|Win32
		{73FBBACC-993B-46F4-A59F-7F27BBA87614}.Release_Internal|Win32.ActiveCfg = Release|Win32
		{73FBBACC-993B-46F4-A59F-7F27BBA87614}.Release_Internal|Win32.Build.0 = Release|Win32
		{73FBBACC-993B-46F4-A59F-7F27BBA87614}.Release|Win32.ActiveCfg = Release|Win32
		{73FBBACC-993B-46F4-A59F-7F27BBA87614}.Release|Win32.Build.0 = Release|Win32
		{171C3453-7874-423B-9FCE-D44987B76109}.Debug|Win32.ActiveCfg = Debug|Win32
		{171C3453-7874-423B-9FCE-D44987B76109}.Debug|Win32.Build.0 = Debug|Win32
		{171C3453-7874-423B-9FCE-D44987B76109}.Release_Diss|Win32.ActiveCfg = Release|Win32
		{171C3453-7874-423B-9FCE-D44987B76109}.Release_Diss|Win32.Build.0 = Release|Win32
		{171C3453-7874-423B-9FCE-D44987B76109}.Release_Internal|Win32.ActiveCfg = Release|Win32
		{171C3453-7874-423B-9FCE-D44987B76109}.Release_Internal|Win32.Build.0 = Release|Win32
		{171C3453-7874-423B-9FCE-D44987B76109}.Release|Win32.ActiveCfg = Release|Win32
		{171C3453-7874-423B-9FCE-D44987B76109}.Release|Win32.Build.0 = Release|Win32
		{E3E58DA9-F1D2-4EA6-B53B-A1B0D23719B9}.Debug|Win32.ActiveCfg = Debug|Win32
		{E3E58DA9-F1D2-4EA6-B53B-A1B0D23719B9}.Debug|Win32.Build.0 = Debug|Win32
		{E3E58DA9-F1D2-4EA6-B53B-A1B0D23719B9}.Release_Diss|Win32.ActiveCfg = Release|Win32
		{E3E58DA9-F1D2-4EA6-B53B-A1B0D23719B9}.Release_Diss|Win32.Build.0 = Release|Win32
		{E3E58DA9-F1D2-4EA6-B53B-A1B0D23719B9}.Release_Internal|Win32.ActiveCfg = Release|Win32
		{E3E58DA9-F1D2-4EA6-B53B-A1B0D23719B9}.Release_Internal|Win32.Build.0 = Release|Win32
		{E3E58DA9-F1D2-4EA6-B53B-A1B0D23719B9}.Release|Win32.ActiveCfg = Release|Win32
		{E3E58DA9-F1D2-4EA6-B53B-A1B0D23719B9}.Release|Win32.Build.0 = Release|Win32
		{5B4DFE06-BEBE-4DBF-861B-3E262350F46A}.Debug|Win32.ActiveCfg = Debug|Win32
		{5B4DFE06-BEBE-4DBF-861B-3E262350F46A}.Debug|Win32.Build.0 = Debug|Win32
		{5B4DFE06-BEBE-4DBF-861B-3E262350F46A}.Release_Diss|Win32.ActiveCfg = Release|Win32
		{5B4DFE06-BEBE-4DBF-861B-3E262350F46A}.Release_Diss|Win32.Build.0 = Release|Win32
		{5B4DFE06-BEBE-4DBF-861B-3E262350F46A}.Release_Internal|Win32.ActiveCfg = Release|Win32
		{5B4DFE06-BEBE-4DBF-861B-3E262350F46A}.Release_Internal|Win32.Build.0 = Release|Win32
		{5B4DFE06-BEBE-4DBF-861B-3E262350F46A}.Release|Win32.ActiveCfg = Release|Win32
		{5B4DFE06-BEBE-4DBF-861B-3E262350F46A}.Release|Win32.Build.0 = Release|Win32
		{02F00382-A1CA-42B4-83BA-2734B08B6422}.Debug|Win32.ActiveCfg = Debug|Win32
		{02F00382-A1CA-42B4-83BA-2734B08B6422}.Debug|Win32.Build.0 = Debug|Win32
		{02F00382-A1CA-42B4-83BA-2734B08B6422}.Release_Diss|Win32.ActiveCfg = Release|Win32
		{02F00382-A1CA-42B4-83BA-2734B08B6422}.Release_Diss|Win32.Build.0 = Release|Win32
		{02F00382-A1CA-42B4-83BA-2734B08B6422}.Release_Internal|Win32.ActiveCfg = Release|Win32
		{02F00382-A1CA-42B4-83BA-2734B08B6422}.Release_Internal|Win32.Build.0 = Release|Win32
		{02F00382-A1CA-42B4-83BA-2734B08B6422}.Release|Win32.ActiveCfg = Release|Win32
		{02F00382-A1CA-42B4-83BA-2734B08B6422}.Release|Win32.Build.0 = Release|Win32
		{1920F579-5554-492A-8593-C88F6155275C}.Debug|Win32.ActiveCfg = Debug|Win32
		{1920F579-5554-492A-8593-C88F6155275C}.Debug|Win32.Build.0 = Debug|Win32
		{1920F579-5554-492A-8593-C88F6155275C}.Release_Diss|Win32.ActiveCfg = Release|Win32
		{1920F579-5554-492A-8593-C88F6155275C}.Release_Diss|Win32.Build.0 = Release|Win32
		{1920F579-5554-492A-8593-C88F6155275C}.Release_Internal|Win32.ActiveCfg = Release|Win32
		{1920F579-5554-492A-8593-C88F6155275C}.Release_Internal|Win32.Build.0 = Release|Win32
		{1920F579-5554-492A-8593-C88F6155275C}.Release|Win32.ActiveCfg = Release|Win32
		{1920F579-5554-492A-8593-C88F6155275C}.Release|Win32.Build.0 = Release|Win32
		{9EFCD6CB-464D-4DC8-AB26-2160305759F4}.Debug|Win32.ActiveCfg = Debug|Win32
		{9EFCD6CB-464D-4DC8-AB26-2160305759F4}.Debug|Win32.Build.0 = Debug|Win32
		{9EFCD6CB-464D-4DC8-AB26-2160305759F4}.Release_Diss|Win32.ActiveCfg = Release|Win32
		{9EFCD6CB-464D-4DC8-AB26-2160305759F4}.Release_Diss|Win32.Build.0 = Release|Win32
		{9EFCD6CB-464D-4DC8-AB26-2160305759F4}.Release_Internal|Win32.ActiveCfg = Release|Win32
		{9EFCD6CB-464D-4DC8-AB26-2160305759F4}.Release_Internal|Win32.Build.0 = Release|Win32
		{9EFCD6CB-464D-4DC8-AB26-2160305759F4}.Release|Win32.ActiveCfg = Release|Win32
		{9EFCD6CB-464D-4DC8-AB26-2160305759F4}.Release|Win32.Build.0 = Release|Win32
		{D723FC91-4C77-4A84-85C0-40CF4A1759FF}.Debug|Win32.ActiveCfg = Debug|Win32
		{D723FC91-4C77-4A84-85C0-40CF4A1759FF}.Debug|Win32.Build.0 = Debug|Win32
		{D723FC91-4C77-4A84-85C0-40CF4A1759FF}.Release_Diss|Win32.ActiveCfg = Release|Win32
		{D723FC91-4C77-4A84-85C0-40CF4A1759FF}.Release_Diss|Win32.Build.0 = Release|Win32
		{D723FC91-4C77-4A84-85C0-40CF4A1759FF}.Release_Internal|Win32.ActiveCfg = Release|Win32
		{D723FC91-4C77-4A84-85C0-40CF4A1759FF}.Release_Internal|Win32.Build.0 = Release|Win32
		{D723FC91-4C77-4A84-85C0-40CF4A1759FF}.Release|Win32.ActiveCfg = Release|Win32
		{D723FC91-4C77-4A84-85C0-40CF4A1759FF}.Release|Win32.Build.0 = Release|Win32
	EndGlobalSection
	GlobalSection(SolutionProperties) = preSolution
		HideSolutionNode = FALSE
	EndGlobalSection
EndGlobal
