Microsoft Visual Studio Solution File, Format Version 9.00
# Visual Studio 2005
Project("{8BC9CEB8-8B4A-11D0-8D11-00A0C91BC942}") = "famessb", "famessb.vcproj", "{4D87F3DE-D978-46CB-A489-DFE1D5572126}"
	ProjectSection(ProjectDependencies) = postProject
		{21424B0A-87FD-4CD6-AE52-EE658A7B0EB7} = {21424B0A-87FD-4CD6-AE52-EE658A7B0EB7}
		{EB5AFF0F-AF7F-44B7-AC89-D3CA642C1222} = {EB5AFF0F-AF7F-44B7-AC89-D3CA642C1222}
		{6A950917-332A-4BB7-8088-D83356C02A0B} = {6A950917-332A-4BB7-8088-D83356C02A0B}
		{07505424-E959-4DF9-9E12-91A593DFD360} = {07505424-E959-4DF9-9E12-91A593DFD360}
		{AC823640-6801-4E7E-A8AE-DA1F4A57CB09} = {AC823640-6801-4E7E-A8AE-DA1F4A57CB09}
		{D94E2141-800F-4B94-8464-C2D58B8B5604} = {D94E2141-800F-4B94-8464-C2D58B8B5604}
		{93D14C44-3062-4A83-95F3-C379AB3E80A1} = {93D14C44-3062-4A83-95F3-C379AB3E80A1}
		{21780565-FA1B-444F-8E24-CF87CBBC842C} = {21780565-FA1B-444F-8E24-CF87CBBC842C}
		{59028081-24AA-4478-8E8B-FF0CBC7A24C2} = {59028081-24AA-4478-8E8B-FF0CBC7A24C2}
		{A560ADC0-76E8-4B12-82BA-2F0E1C7852F5} = {A560ADC0-76E8-4B12-82BA-2F0E1C7852F5}
		{8D913FCC-D188-44B0-B2D6-9EA088E1BD83} = {8D913FCC-D188-44B0-B2D6-9EA088E1BD83}
		{6316F8F8-1D76-4990-AA4F-F5E7D8E31E8F} = {6316F8F8-1D76-4990-AA4F-F5E7D8E31E8F}
	EndProjectSection
EndProject
Project("{8BC9CEB8-8B4A-11D0-8D11-00A0C91BC942}") = "Messb", "..\..\Lib\Messb\Messb.vcproj", "{A560ADC0-76E8-4B12-82BA-2F0E1C7852F5}"
	ProjectSection(ProjectDependencies) = postProject
		{904DACD6-D272-446B-B494-C585CAFFD6E4} = {904DACD6-D272-446B-B494-C585CAFFD6E4}
	EndProjectSection
EndProject
Project("{8BC9CEB8-8B4A-11D0-8D11-00A0C91BC942}") = "Math", "..\..\Lib\Math\Math.vcproj", "{D94E2141-800F-4B94-8464-C2D58B8B5604}"
EndProject
Project("{8BC9CEB8-8B4A-11D0-8D11-00A0C91BC942}") = "Std", "..\..\Lib\Std\Std.vcproj", "{21780565-FA1B-444F-8E24-CF87CBBC842C}"
EndProject
Project("{8BC9CEB8-8B4A-11D0-8D11-00A0C91BC942}") = "Ref", "..\..\Lib\Ref\Ref.vcproj", "{21424B0A-87FD-4CD6-AE52-EE658A7B0EB7}"
EndProject
Project("{8BC9CEB8-8B4A-11D0-8D11-00A0C91BC942}") = "quadpack", "..\..\Lib\quadpack\quadpack.vcproj", "{EB5AFF0F-AF7F-44B7-AC89-D3CA642C1222}"
EndProject
Project("{8BC9CEB8-8B4A-11D0-8D11-00A0C91BC942}") = "regrid", "..\..\Lib\regrid\regrid.vcproj", "{6316F8F8-1D76-4990-AA4F-F5E7D8E31E8F}"
EndProject
Project("{8BC9CEB8-8B4A-11D0-8D11-00A0C91BC942}") = "MultiMin", "..\..\Lib\MultiMin\MultiMin.vcproj", "{07505424-E959-4DF9-9E12-91A593DFD360}"
EndProject
Project("{54435603-DBB4-11D2-8724-00A0C9A8B90C}") = "setup", "..\Setup\Setup.vdproj", "{1CC971DC-97BC-43C1-84F5-AFDF5FA8949D}"
EndProject
Project("{8BC9CEB8-8B4A-11D0-8D11-00A0C91BC942}") = "test_lib", "..\..\Lib\test_lib\test_lib.vcproj", "{18E34B20-16F3-44E8-B9C6-BAC417843E03}"
EndProject
Project("{8BC9CEB8-8B4A-11D0-8D11-00A0C91BC942}") = "test_famessb", "..\test_famessb\test_famessb.vcproj", "{BCD564F7-D1D0-4838-89DD-BC869F7A76C2}"
	ProjectSection(ProjectDependencies) = postProject
		{21424B0A-87FD-4CD6-AE52-EE658A7B0EB7} = {21424B0A-87FD-4CD6-AE52-EE658A7B0EB7}
		{EB5AFF0F-AF7F-44B7-AC89-D3CA642C1222} = {EB5AFF0F-AF7F-44B7-AC89-D3CA642C1222}
		{18E34B20-16F3-44E8-B9C6-BAC417843E03} = {18E34B20-16F3-44E8-B9C6-BAC417843E03}
		{07505424-E959-4DF9-9E12-91A593DFD360} = {07505424-E959-4DF9-9E12-91A593DFD360}
		{AC823640-6801-4E7E-A8AE-DA1F4A57CB09} = {AC823640-6801-4E7E-A8AE-DA1F4A57CB09}
		{D94E2141-800F-4B94-8464-C2D58B8B5604} = {D94E2141-800F-4B94-8464-C2D58B8B5604}
		{93D14C44-3062-4A83-95F3-C379AB3E80A1} = {93D14C44-3062-4A83-95F3-C379AB3E80A1}
		{21780565-FA1B-444F-8E24-CF87CBBC842C} = {21780565-FA1B-444F-8E24-CF87CBBC842C}
		{59028081-24AA-4478-8E8B-FF0CBC7A24C2} = {59028081-24AA-4478-8E8B-FF0CBC7A24C2}
		{A560ADC0-76E8-4B12-82BA-2F0E1C7852F5} = {A560ADC0-76E8-4B12-82BA-2F0E1C7852F5}
		{8D913FCC-D188-44B0-B2D6-9EA088E1BD83} = {8D913FCC-D188-44B0-B2D6-9EA088E1BD83}
		{6316F8F8-1D76-4990-AA4F-F5E7D8E31E8F} = {6316F8F8-1D76-4990-AA4F-F5E7D8E31E8F}
	EndProjectSection
EndProject
Project("{8BC9CEB8-8B4A-11D0-8D11-00A0C91BC942}") = "Lex_Anal_lib", "..\..\Lib\Lex_Anal_lib\Lex_Anal_lib.vcproj", "{8D913FCC-D188-44B0-B2D6-9EA088E1BD83}"
EndProject
Project("{8BC9CEB8-8B4A-11D0-8D11-00A0C91BC942}") = "EOS", "..\..\Lib\EOS\EOS.vcproj", "{AC823640-6801-4E7E-A8AE-DA1F4A57CB09}"
EndProject
Project("{8BC9CEB8-8B4A-11D0-8D11-00A0C91BC942}") = "urs_curve", "..\..\Gasd\urs_curve\urs_curve.vcproj", "{18757878-F4E8-46D0-88D7-D9DC0538B737}"
	ProjectSection(ProjectDependencies) = postProject
		{21424B0A-87FD-4CD6-AE52-EE658A7B0EB7} = {21424B0A-87FD-4CD6-AE52-EE658A7B0EB7}
		{EB5AFF0F-AF7F-44B7-AC89-D3CA642C1222} = {EB5AFF0F-AF7F-44B7-AC89-D3CA642C1222}
		{6A950917-332A-4BB7-8088-D83356C02A0B} = {6A950917-332A-4BB7-8088-D83356C02A0B}
		{07505424-E959-4DF9-9E12-91A593DFD360} = {07505424-E959-4DF9-9E12-91A593DFD360}
		{AC823640-6801-4E7E-A8AE-DA1F4A57CB09} = {AC823640-6801-4E7E-A8AE-DA1F4A57CB09}
		{D94E2141-800F-4B94-8464-C2D58B8B5604} = {D94E2141-800F-4B94-8464-C2D58B8B5604}
		{93D14C44-3062-4A83-95F3-C379AB3E80A1} = {93D14C44-3062-4A83-95F3-C379AB3E80A1}
		{21780565-FA1B-444F-8E24-CF87CBBC842C} = {21780565-FA1B-444F-8E24-CF87CBBC842C}
		{59028081-24AA-4478-8E8B-FF0CBC7A24C2} = {59028081-24AA-4478-8E8B-FF0CBC7A24C2}
		{8D913FCC-D188-44B0-B2D6-9EA088E1BD83} = {8D913FCC-D188-44B0-B2D6-9EA088E1BD83}
		{904DACD6-D272-446B-B494-C585CAFFD6E4} = {904DACD6-D272-446B-B494-C585CAFFD6E4}
		{22CA55F4-8467-4005-9897-A5B7878C066A} = {22CA55F4-8467-4005-9897-A5B7878C066A}
		{6316F8F8-1D76-4990-AA4F-F5E7D8E31E8F} = {6316F8F8-1D76-4990-AA4F-F5E7D8E31E8F}
	EndProjectSection
EndProject
Project("{8BC9CEB8-8B4A-11D0-8D11-00A0C91BC942}") = "urs_curve_lib", "..\..\Lib\urs_curve_lib\urs_curve_lib.vcproj", "{93D14C44-3062-4A83-95F3-C379AB3E80A1}"
EndProject
Project("{8BC9CEB8-8B4A-11D0-8D11-00A0C91BC942}") = "data", "..\..\Lib\data\data.vcproj", "{22CA55F4-8467-4005-9897-A5B7878C066A}"
EndProject
Project("{8BC9CEB8-8B4A-11D0-8D11-00A0C91BC942}") = "calc_lib", "..\..\Lib\calc_lib\calc_lib.vcproj", "{904DACD6-D272-446B-B494-C585CAFFD6E4}"
EndProject
Project("{8BC9CEB8-8B4A-11D0-8D11-00A0C91BC942}") = "libf2c", "..\..\Lib\libf2c\libf2c.vcproj", "{59028081-24AA-4478-8E8B-FF0CBC7A24C2}"
EndProject
Project("{8BC9CEB8-8B4A-11D0-8D11-00A0C91BC942}") = "math_func", "..\..\Lib\math_func\math_func.vcproj", "{6A950917-332A-4BB7-8088-D83356C02A0B}"
EndProject
Global
	GlobalSection(SolutionConfigurationPlatforms) = preSolution
		Debug|Win32 = Debug|Win32
		Release|Win32 = Release|Win32
	EndGlobalSection
	GlobalSection(ProjectConfigurationPlatforms) = postSolution
		{4D87F3DE-D978-46CB-A489-DFE1D5572126}.Debug|Win32.ActiveCfg = Debug|Win32
		{4D87F3DE-D978-46CB-A489-DFE1D5572126}.Debug|Win32.Build.0 = Debug|Win32
		{4D87F3DE-D978-46CB-A489-DFE1D5572126}.Release|Win32.ActiveCfg = Release|Win32
		{4D87F3DE-D978-46CB-A489-DFE1D5572126}.Release|Win32.Build.0 = Release|Win32
		{A560ADC0-76E8-4B12-82BA-2F0E1C7852F5}.Debug|Win32.ActiveCfg = Debug|Win32
		{A560ADC0-76E8-4B12-82BA-2F0E1C7852F5}.Debug|Win32.Build.0 = Debug|Win32
		{A560ADC0-76E8-4B12-82BA-2F0E1C7852F5}.Release|Win32.ActiveCfg = Release|Win32
		{A560ADC0-76E8-4B12-82BA-2F0E1C7852F5}.Release|Win32.Build.0 = Release|Win32
		{D94E2141-800F-4B94-8464-C2D58B8B5604}.Debug|Win32.ActiveCfg = Debug|Win32
		{D94E2141-800F-4B94-8464-C2D58B8B5604}.Debug|Win32.Build.0 = Debug|Win32
		{D94E2141-800F-4B94-8464-C2D58B8B5604}.Release|Win32.ActiveCfg = Release|Win32
		{D94E2141-800F-4B94-8464-C2D58B8B5604}.Release|Win32.Build.0 = Release|Win32
		{21780565-FA1B-444F-8E24-CF87CBBC842C}.Debug|Win32.ActiveCfg = Debug|Win32
		{21780565-FA1B-444F-8E24-CF87CBBC842C}.Debug|Win32.Build.0 = Debug|Win32
		{21780565-FA1B-444F-8E24-CF87CBBC842C}.Release|Win32.ActiveCfg = Release|Win32
		{21780565-FA1B-444F-8E24-CF87CBBC842C}.Release|Win32.Build.0 = Release|Win32
		{21424B0A-87FD-4CD6-AE52-EE658A7B0EB7}.Debug|Win32.ActiveCfg = Debug|Win32
		{21424B0A-87FD-4CD6-AE52-EE658A7B0EB7}.Debug|Win32.Build.0 = Debug|Win32
		{21424B0A-87FD-4CD6-AE52-EE658A7B0EB7}.Release|Win32.ActiveCfg = Release|Win32
		{21424B0A-87FD-4CD6-AE52-EE658A7B0EB7}.Release|Win32.Build.0 = Release|Win32
		{EB5AFF0F-AF7F-44B7-AC89-D3CA642C1222}.Debug|Win32.ActiveCfg = Debug|Win32
		{EB5AFF0F-AF7F-44B7-AC89-D3CA642C1222}.Debug|Win32.Build.0 = Debug|Win32
		{EB5AFF0F-AF7F-44B7-AC89-D3CA642C1222}.Release|Win32.ActiveCfg = Release|Win32
		{EB5AFF0F-AF7F-44B7-AC89-D3CA642C1222}.Release|Win32.Build.0 = Release|Win32
		{6316F8F8-1D76-4990-AA4F-F5E7D8E31E8F}.Debug|Win32.ActiveCfg = Debug|Win32
		{6316F8F8-1D76-4990-AA4F-F5E7D8E31E8F}.Debug|Win32.Build.0 = Debug|Win32
		{6316F8F8-1D76-4990-AA4F-F5E7D8E31E8F}.Release|Win32.ActiveCfg = Release|Win32
		{6316F8F8-1D76-4990-AA4F-F5E7D8E31E8F}.Release|Win32.Build.0 = Release|Win32
		{07505424-E959-4DF9-9E12-91A593DFD360}.Debug|Win32.ActiveCfg = Debug|Win32
		{07505424-E959-4DF9-9E12-91A593DFD360}.Debug|Win32.Build.0 = Debug|Win32
		{07505424-E959-4DF9-9E12-91A593DFD360}.Release|Win32.ActiveCfg = Release|Win32
		{07505424-E959-4DF9-9E12-91A593DFD360}.Release|Win32.Build.0 = Release|Win32
		{1CC971DC-97BC-43C1-84F5-AFDF5FA8949D}.Debug|Win32.ActiveCfg = Debug
		{1CC971DC-97BC-43C1-84F5-AFDF5FA8949D}.Release|Win32.ActiveCfg = Release
		{1CC971DC-97BC-43C1-84F5-AFDF5FA8949D}.Release|Win32.Build.0 = Release
		{18E34B20-16F3-44E8-B9C6-BAC417843E03}.Debug|Win32.ActiveCfg = Debug|Win32
		{18E34B20-16F3-44E8-B9C6-BAC417843E03}.Debug|Win32.Build.0 = Debug|Win32
		{18E34B20-16F3-44E8-B9C6-BAC417843E03}.Release|Win32.ActiveCfg = Release|Win32
		{18E34B20-16F3-44E8-B9C6-BAC417843E03}.Release|Win32.Build.0 = Release|Win32
		{BCD564F7-D1D0-4838-89DD-BC869F7A76C2}.Debug|Win32.ActiveCfg = Debug|Win32
		{BCD564F7-D1D0-4838-89DD-BC869F7A76C2}.Debug|Win32.Build.0 = Debug|Win32
		{BCD564F7-D1D0-4838-89DD-BC869F7A76C2}.Release|Win32.ActiveCfg = Release|Win32
		{BCD564F7-D1D0-4838-89DD-BC869F7A76C2}.Release|Win32.Build.0 = Release|Win32
		{8D913FCC-D188-44B0-B2D6-9EA088E1BD83}.Debug|Win32.ActiveCfg = Debug|Win32
		{8D913FCC-D188-44B0-B2D6-9EA088E1BD83}.Debug|Win32.Build.0 = Debug|Win32
		{8D913FCC-D188-44B0-B2D6-9EA088E1BD83}.Release|Win32.ActiveCfg = Release|Win32
		{8D913FCC-D188-44B0-B2D6-9EA088E1BD83}.Release|Win32.Build.0 = Release|Win32
		{AC823640-6801-4E7E-A8AE-DA1F4A57CB09}.Debug|Win32.ActiveCfg = Debug|Win32
		{AC823640-6801-4E7E-A8AE-DA1F4A57CB09}.Debug|Win32.Build.0 = Debug|Win32
		{AC823640-6801-4E7E-A8AE-DA1F4A57CB09}.Release|Win32.ActiveCfg = Release|Win32
		{AC823640-6801-4E7E-A8AE-DA1F4A57CB09}.Release|Win32.Build.0 = Release|Win32
		{18757878-F4E8-46D0-88D7-D9DC0538B737}.Debug|Win32.ActiveCfg = Debug|Win32
		{18757878-F4E8-46D0-88D7-D9DC0538B737}.Release|Win32.ActiveCfg = Release|Win32
		{93D14C44-3062-4A83-95F3-C379AB3E80A1}.Debug|Win32.ActiveCfg = Debug|Win32
		{93D14C44-3062-4A83-95F3-C379AB3E80A1}.Debug|Win32.Build.0 = Debug|Win32
		{93D14C44-3062-4A83-95F3-C379AB3E80A1}.Release|Win32.ActiveCfg = Release|Win32
		{93D14C44-3062-4A83-95F3-C379AB3E80A1}.Release|Win32.Build.0 = Release|Win32
		{22CA55F4-8467-4005-9897-A5B7878C066A}.Debug|Win32.ActiveCfg = Debug|Win32
		{22CA55F4-8467-4005-9897-A5B7878C066A}.Debug|Win32.Build.0 = Debug|Win32
		{22CA55F4-8467-4005-9897-A5B7878C066A}.Release|Win32.ActiveCfg = Release|Win32
		{22CA55F4-8467-4005-9897-A5B7878C066A}.Release|Win32.Build.0 = Release|Win32
		{904DACD6-D272-446B-B494-C585CAFFD6E4}.Debug|Win32.ActiveCfg = Debug|Win32
		{904DACD6-D272-446B-B494-C585CAFFD6E4}.Debug|Win32.Build.0 = Debug|Win32
		{904DACD6-D272-446B-B494-C585CAFFD6E4}.Release|Win32.ActiveCfg = Release|Win32
		{904DACD6-D272-446B-B494-C585CAFFD6E4}.Release|Win32.Build.0 = Release|Win32
		{59028081-24AA-4478-8E8B-FF0CBC7A24C2}.Debug|Win32.ActiveCfg = Debug|Win32
		{59028081-24AA-4478-8E8B-FF0CBC7A24C2}.Debug|Win32.Build.0 = Debug|Win32
		{59028081-24AA-4478-8E8B-FF0CBC7A24C2}.Release|Win32.ActiveCfg = Release|Win32
		{59028081-24AA-4478-8E8B-FF0CBC7A24C2}.Release|Win32.Build.0 = Release|Win32
		{6A950917-332A-4BB7-8088-D83356C02A0B}.Debug|Win32.ActiveCfg = Debug|Win32
		{6A950917-332A-4BB7-8088-D83356C02A0B}.Debug|Win32.Build.0 = Debug|Win32
		{6A950917-332A-4BB7-8088-D83356C02A0B}.Release|Win32.ActiveCfg = Release|Win32
		{6A950917-332A-4BB7-8088-D83356C02A0B}.Release|Win32.Build.0 = Release|Win32
	EndGlobalSection
	GlobalSection(SolutionProperties) = preSolution
		HideSolutionNode = FALSE
	EndGlobalSection
EndGlobal
