Microsoft Visual Studio Solution File, Format Version 8.00
Project("{8BC9CEB8-8B4A-11D0-8D11-00A0C91BC942}") = "Math", "Math.vcproj", "{D94E2141-800F-4B94-8464-C2D58B8B5604}"
	ProjectSection(ProjectDependencies) = postProject
	EndProjectSection
EndProject
Global
	GlobalSection(SolutionConfiguration) = preSolution
		Debug = Debug
		Release = Release
	EndGlobalSection
	GlobalSection(ProjectConfiguration) = postSolution
		{D94E2141-800F-4B94-8464-C2D58B8B5604}.Debug.ActiveCfg = Debug|Win32
		{D94E2141-800F-4B94-8464-C2D58B8B5604}.Debug.Build.0 = Debug|Win32
		{D94E2141-800F-4B94-8464-C2D58B8B5604}.Release.ActiveCfg = Release|Win32
		{D94E2141-800F-4B94-8464-C2D58B8B5604}.Release.Build.0 = Release|Win32
	EndGlobalSection
	GlobalSection(ExtensibilityGlobals) = postSolution
	EndGlobalSection
	GlobalSection(ExtensibilityAddIns) = postSolution
	EndGlobalSection
EndGlobal
