Microsoft Visual Studio Solution File, Format Version 8.00
Project("{8BC9CEB8-8B4A-11D0-8D11-00A0C91BC942}") = "main_test", "main_test.vcproj", "{BC7B827A-2907-4FDA-810F-3114DFA3B82C}"
	ProjectSection(ProjectDependencies) = postProject
		{21424B0A-87FD-4CD6-AE52-EE658A7B0EB7} = {21424B0A-87FD-4CD6-AE52-EE658A7B0EB7}
		{18E34B20-16F3-44E8-B9C6-BAC417843E03} = {18E34B20-16F3-44E8-B9C6-BAC417843E03}
		{21780565-FA1B-444F-8E24-CF87CBBC842C} = {21780565-FA1B-444F-8E24-CF87CBBC842C}
		{8D913FCC-D188-44B0-B2D6-9EA088E1BD83} = {8D913FCC-D188-44B0-B2D6-9EA088E1BD83}
		{8387A9F3-FF53-4BEF-8F6F-CCEA1A108CA7} = {8387A9F3-FF53-4BEF-8F6F-CCEA1A108CA7}
		{22CA55F4-8467-4005-9897-A5B7878C066A} = {22CA55F4-8467-4005-9897-A5B7878C066A}
	EndProjectSection
EndProject
Project("{8BC9CEB8-8B4A-11D0-8D11-00A0C91BC942}") = "Std", "..\Std\Std.vcproj", "{21780565-FA1B-444F-8E24-CF87CBBC842C}"
	ProjectSection(ProjectDependencies) = postProject
	EndProjectSection
EndProject
Project("{8BC9CEB8-8B4A-11D0-8D11-00A0C91BC942}") = "Ref", "..\Ref\Ref.vcproj", "{21424B0A-87FD-4CD6-AE52-EE658A7B0EB7}"
	ProjectSection(ProjectDependencies) = postProject
	EndProjectSection
EndProject
Project("{8BC9CEB8-8B4A-11D0-8D11-00A0C91BC942}") = "test_lib", "..\test_lib\test_lib.vcproj", "{18E34B20-16F3-44E8-B9C6-BAC417843E03}"
	ProjectSection(ProjectDependencies) = postProject
	EndProjectSection
EndProject
Project("{8BC9CEB8-8B4A-11D0-8D11-00A0C91BC942}") = "data", "..\data\data.vcproj", "{22CA55F4-8467-4005-9897-A5B7878C066A}"
	ProjectSection(ProjectDependencies) = postProject
	EndProjectSection
EndProject
Project("{8BC9CEB8-8B4A-11D0-8D11-00A0C91BC942}") = "gasd_lib", "..\gasd_lib\gasd_lib.vcproj", "{6C7D1655-C207-4004-8C07-9D9F765F5FF0}"
	ProjectSection(ProjectDependencies) = postProject
	EndProjectSection
EndProject
Project("{8BC9CEB8-8B4A-11D0-8D11-00A0C91BC942}") = "gasd_base", "..\gasd_base\gasd_base.vcproj", "{7970B231-9CDB-4BAD-9292-53E37233C448}"
	ProjectSection(ProjectDependencies) = postProject
	EndProjectSection
EndProject
Project("{8BC9CEB8-8B4A-11D0-8D11-00A0C91BC942}") = "Lex_Anal_lib", "..\Lex_Anal_lib\Lex_Anal_lib.vcproj", "{8D913FCC-D188-44B0-B2D6-9EA088E1BD83}"
	ProjectSection(ProjectDependencies) = postProject
	EndProjectSection
EndProject
Project("{8BC9CEB8-8B4A-11D0-8D11-00A0C91BC942}") = "lex_anal_test", "lex_anal_test\lex_anal_test.vcproj", "{8387A9F3-FF53-4BEF-8F6F-CCEA1A108CA7}"
	ProjectSection(ProjectDependencies) = postProject
	EndProjectSection
EndProject
Project("{8BC9CEB8-8B4A-11D0-8D11-00A0C91BC942}") = "test_urs", "..\..\Gasd\test_urs\test_urs.vcproj", "{7E30C7B4-C25F-40C8-8A5E-4CB842C6D4B2}"
	ProjectSection(ProjectDependencies) = postProject
	EndProjectSection
EndProject
Project("{8BC9CEB8-8B4A-11D0-8D11-00A0C91BC942}") = "famessb", "..\..\Messb\famessb\famessb.vcproj", "{4D87F3DE-D978-46CB-A489-DFE1D5572126}"
	ProjectSection(ProjectDependencies) = postProject
	EndProjectSection
EndProject
Project("{8BC9CEB8-8B4A-11D0-8D11-00A0C91BC942}") = "Messb", "..\Messb\Messb.vcproj", "{A560ADC0-76E8-4B12-82BA-2F0E1C7852F5}"
	ProjectSection(ProjectDependencies) = postProject
	EndProjectSection
EndProject
Global
	GlobalSection(SolutionConfiguration) = preSolution
		Debug = Debug
		Release = Release
		Release_Diss = Release_Diss
		Release_Internal = Release_Internal
	EndGlobalSection
	GlobalSection(ProjectConfiguration) = postSolution
		{BC7B827A-2907-4FDA-810F-3114DFA3B82C}.Debug.ActiveCfg = Debug|Win32
		{BC7B827A-2907-4FDA-810F-3114DFA3B82C}.Debug.Build.0 = Debug|Win32
		{BC7B827A-2907-4FDA-810F-3114DFA3B82C}.Release.ActiveCfg = Release|Win32
		{BC7B827A-2907-4FDA-810F-3114DFA3B82C}.Release.Build.0 = Release|Win32
		{BC7B827A-2907-4FDA-810F-3114DFA3B82C}.Release_Diss.ActiveCfg = Release|Win32
		{BC7B827A-2907-4FDA-810F-3114DFA3B82C}.Release_Diss.Build.0 = Release|Win32
		{BC7B827A-2907-4FDA-810F-3114DFA3B82C}.Release_Internal.ActiveCfg = Release|Win32
		{BC7B827A-2907-4FDA-810F-3114DFA3B82C}.Release_Internal.Build.0 = Release|Win32
		{21780565-FA1B-444F-8E24-CF87CBBC842C}.Debug.ActiveCfg = Debug|Win32
		{21780565-FA1B-444F-8E24-CF87CBBC842C}.Debug.Build.0 = Debug|Win32
		{21780565-FA1B-444F-8E24-CF87CBBC842C}.Release.ActiveCfg = Release|Win32
		{21780565-FA1B-444F-8E24-CF87CBBC842C}.Release.Build.0 = Release|Win32
		{21780565-FA1B-444F-8E24-CF87CBBC842C}.Release_Diss.ActiveCfg = Release_Diss|Win32
		{21780565-FA1B-444F-8E24-CF87CBBC842C}.Release_Diss.Build.0 = Release_Diss|Win32
		{21780565-FA1B-444F-8E24-CF87CBBC842C}.Release_Internal.ActiveCfg = Release_Internal|Win32
		{21780565-FA1B-444F-8E24-CF87CBBC842C}.Release_Internal.Build.0 = Release_Internal|Win32
		{21424B0A-87FD-4CD6-AE52-EE658A7B0EB7}.Debug.ActiveCfg = Debug|Win32
		{21424B0A-87FD-4CD6-AE52-EE658A7B0EB7}.Debug.Build.0 = Debug|Win32
		{21424B0A-87FD-4CD6-AE52-EE658A7B0EB7}.Release.ActiveCfg = Release|Win32
		{21424B0A-87FD-4CD6-AE52-EE658A7B0EB7}.Release.Build.0 = Release|Win32
		{21424B0A-87FD-4CD6-AE52-EE658A7B0EB7}.Release_Diss.ActiveCfg = Release_Diss|Win32
		{21424B0A-87FD-4CD6-AE52-EE658A7B0EB7}.Release_Diss.Build.0 = Release_Diss|Win32
		{21424B0A-87FD-4CD6-AE52-EE658A7B0EB7}.Release_Internal.ActiveCfg = Release_Internal|Win32
		{21424B0A-87FD-4CD6-AE52-EE658A7B0EB7}.Release_Internal.Build.0 = Release_Internal|Win32
		{18E34B20-16F3-44E8-B9C6-BAC417843E03}.Debug.ActiveCfg = Debug|Win32
		{18E34B20-16F3-44E8-B9C6-BAC417843E03}.Debug.Build.0 = Debug|Win32
		{18E34B20-16F3-44E8-B9C6-BAC417843E03}.Release.ActiveCfg = Release|Win32
		{18E34B20-16F3-44E8-B9C6-BAC417843E03}.Release.Build.0 = Release|Win32
		{18E34B20-16F3-44E8-B9C6-BAC417843E03}.Release_Diss.ActiveCfg = Release|Win32
		{18E34B20-16F3-44E8-B9C6-BAC417843E03}.Release_Diss.Build.0 = Release|Win32
		{18E34B20-16F3-44E8-B9C6-BAC417843E03}.Release_Internal.ActiveCfg = Release|Win32
		{18E34B20-16F3-44E8-B9C6-BAC417843E03}.Release_Internal.Build.0 = Release|Win32
		{22CA55F4-8467-4005-9897-A5B7878C066A}.Debug.ActiveCfg = Debug|Win32
		{22CA55F4-8467-4005-9897-A5B7878C066A}.Debug.Build.0 = Debug|Win32
		{22CA55F4-8467-4005-9897-A5B7878C066A}.Release.ActiveCfg = Release|Win32
		{22CA55F4-8467-4005-9897-A5B7878C066A}.Release.Build.0 = Release|Win32
		{22CA55F4-8467-4005-9897-A5B7878C066A}.Release_Diss.ActiveCfg = Release|Win32
		{22CA55F4-8467-4005-9897-A5B7878C066A}.Release_Diss.Build.0 = Release|Win32
		{22CA55F4-8467-4005-9897-A5B7878C066A}.Release_Internal.ActiveCfg = Release|Win32
		{22CA55F4-8467-4005-9897-A5B7878C066A}.Release_Internal.Build.0 = Release|Win32
		{6C7D1655-C207-4004-8C07-9D9F765F5FF0}.Debug.ActiveCfg = Debug|Win32
		{6C7D1655-C207-4004-8C07-9D9F765F5FF0}.Debug.Build.0 = Debug|Win32
		{6C7D1655-C207-4004-8C07-9D9F765F5FF0}.Release.ActiveCfg = Release|Win32
		{6C7D1655-C207-4004-8C07-9D9F765F5FF0}.Release.Build.0 = Release|Win32
		{6C7D1655-C207-4004-8C07-9D9F765F5FF0}.Release_Diss.ActiveCfg = Release|Win32
		{6C7D1655-C207-4004-8C07-9D9F765F5FF0}.Release_Diss.Build.0 = Release|Win32
		{6C7D1655-C207-4004-8C07-9D9F765F5FF0}.Release_Internal.ActiveCfg = Release|Win32
		{6C7D1655-C207-4004-8C07-9D9F765F5FF0}.Release_Internal.Build.0 = Release|Win32
		{7970B231-9CDB-4BAD-9292-53E37233C448}.Debug.ActiveCfg = Debug|Win32
		{7970B231-9CDB-4BAD-9292-53E37233C448}.Debug.Build.0 = Debug|Win32
		{7970B231-9CDB-4BAD-9292-53E37233C448}.Release.ActiveCfg = Release|Win32
		{7970B231-9CDB-4BAD-9292-53E37233C448}.Release.Build.0 = Release|Win32
		{7970B231-9CDB-4BAD-9292-53E37233C448}.Release_Diss.ActiveCfg = Release|Win32
		{7970B231-9CDB-4BAD-9292-53E37233C448}.Release_Diss.Build.0 = Release|Win32
		{7970B231-9CDB-4BAD-9292-53E37233C448}.Release_Internal.ActiveCfg = Release|Win32
		{7970B231-9CDB-4BAD-9292-53E37233C448}.Release_Internal.Build.0 = Release|Win32
		{8D913FCC-D188-44B0-B2D6-9EA088E1BD83}.Debug.ActiveCfg = Debug|Win32
		{8D913FCC-D188-44B0-B2D6-9EA088E1BD83}.Debug.Build.0 = Debug|Win32
		{8D913FCC-D188-44B0-B2D6-9EA088E1BD83}.Release.ActiveCfg = Release|Win32
		{8D913FCC-D188-44B0-B2D6-9EA088E1BD83}.Release.Build.0 = Release|Win32
		{8D913FCC-D188-44B0-B2D6-9EA088E1BD83}.Release_Diss.ActiveCfg = Release|Win32
		{8D913FCC-D188-44B0-B2D6-9EA088E1BD83}.Release_Diss.Build.0 = Release|Win32
		{8D913FCC-D188-44B0-B2D6-9EA088E1BD83}.Release_Internal.ActiveCfg = Release|Win32
		{8D913FCC-D188-44B0-B2D6-9EA088E1BD83}.Release_Internal.Build.0 = Release|Win32
		{8387A9F3-FF53-4BEF-8F6F-CCEA1A108CA7}.Debug.ActiveCfg = Debug|Win32
		{8387A9F3-FF53-4BEF-8F6F-CCEA1A108CA7}.Debug.Build.0 = Debug|Win32
		{8387A9F3-FF53-4BEF-8F6F-CCEA1A108CA7}.Release.ActiveCfg = Release|Win32
		{8387A9F3-FF53-4BEF-8F6F-CCEA1A108CA7}.Release.Build.0 = Release|Win32
		{8387A9F3-FF53-4BEF-8F6F-CCEA1A108CA7}.Release_Diss.ActiveCfg = Release|Win32
		{8387A9F3-FF53-4BEF-8F6F-CCEA1A108CA7}.Release_Diss.Build.0 = Release|Win32
		{8387A9F3-FF53-4BEF-8F6F-CCEA1A108CA7}.Release_Internal.ActiveCfg = Release|Win32
		{8387A9F3-FF53-4BEF-8F6F-CCEA1A108CA7}.Release_Internal.Build.0 = Release|Win32
		{7E30C7B4-C25F-40C8-8A5E-4CB842C6D4B2}.Debug.ActiveCfg = Debug|Win32
		{7E30C7B4-C25F-40C8-8A5E-4CB842C6D4B2}.Debug.Build.0 = Debug|Win32
		{7E30C7B4-C25F-40C8-8A5E-4CB842C6D4B2}.Release.ActiveCfg = Release|Win32
		{7E30C7B4-C25F-40C8-8A5E-4CB842C6D4B2}.Release.Build.0 = Release|Win32
		{7E30C7B4-C25F-40C8-8A5E-4CB842C6D4B2}.Release_Diss.ActiveCfg = Release|Win32
		{7E30C7B4-C25F-40C8-8A5E-4CB842C6D4B2}.Release_Diss.Build.0 = Release|Win32
		{7E30C7B4-C25F-40C8-8A5E-4CB842C6D4B2}.Release_Internal.ActiveCfg = Release|Win32
		{7E30C7B4-C25F-40C8-8A5E-4CB842C6D4B2}.Release_Internal.Build.0 = Release|Win32
		{4D87F3DE-D978-46CB-A489-DFE1D5572126}.Debug.ActiveCfg = Debug|Win32
		{4D87F3DE-D978-46CB-A489-DFE1D5572126}.Debug.Build.0 = Debug|Win32
		{4D87F3DE-D978-46CB-A489-DFE1D5572126}.Release.ActiveCfg = Release|Win32
		{4D87F3DE-D978-46CB-A489-DFE1D5572126}.Release.Build.0 = Release|Win32
		{4D87F3DE-D978-46CB-A489-DFE1D5572126}.Release_Diss.ActiveCfg = Release|Win32
		{4D87F3DE-D978-46CB-A489-DFE1D5572126}.Release_Diss.Build.0 = Release|Win32
		{4D87F3DE-D978-46CB-A489-DFE1D5572126}.Release_Internal.ActiveCfg = Release|Win32
		{4D87F3DE-D978-46CB-A489-DFE1D5572126}.Release_Internal.Build.0 = Release|Win32
		{A560ADC0-76E8-4B12-82BA-2F0E1C7852F5}.Debug.ActiveCfg = Debug|Win32
		{A560ADC0-76E8-4B12-82BA-2F0E1C7852F5}.Debug.Build.0 = Debug|Win32
		{A560ADC0-76E8-4B12-82BA-2F0E1C7852F5}.Release.ActiveCfg = Release|Win32
		{A560ADC0-76E8-4B12-82BA-2F0E1C7852F5}.Release.Build.0 = Release|Win32
		{A560ADC0-76E8-4B12-82BA-2F0E1C7852F5}.Release_Diss.ActiveCfg = Release|Win32
		{A560ADC0-76E8-4B12-82BA-2F0E1C7852F5}.Release_Diss.Build.0 = Release|Win32
		{A560ADC0-76E8-4B12-82BA-2F0E1C7852F5}.Release_Internal.ActiveCfg = Release|Win32
		{A560ADC0-76E8-4B12-82BA-2F0E1C7852F5}.Release_Internal.Build.0 = Release|Win32
	EndGlobalSection
	GlobalSection(ExtensibilityGlobals) = postSolution
	EndGlobalSection
	GlobalSection(ExtensibilityAddIns) = postSolution
	EndGlobalSection
EndGlobal
