Microsoft Visual Studio Solution File, Format Version 8.00
Project("{8BC9CEB8-8B4A-11D0-8D11-00A0C91BC942}") = "MultiMin", "MultiMin.vcproj", "{07505424-E959-4DF9-9E12-91A593DFD360}"
	ProjectSection(ProjectDependencies) = postProject
	EndProjectSection
EndProject
Global
	GlobalSection(SolutionConfiguration) = preSolution
		Debug = Debug
		Release = Release
	EndGlobalSection
	GlobalSection(ProjectConfiguration) = postSolution
		{07505424-E959-4DF9-9E12-91A593DFD360}.Debug.ActiveCfg = Debug|Win32
		{07505424-E959-4DF9-9E12-91A593DFD360}.Debug.Build.0 = Debug|Win32
		{07505424-E959-4DF9-9E12-91A593DFD360}.Release.ActiveCfg = Release|Win32
		{07505424-E959-4DF9-9E12-91A593DFD360}.Release.Build.0 = Release|Win32
	EndGlobalSection
	GlobalSection(ExtensibilityGlobals) = postSolution
	EndGlobalSection
	GlobalSection(ExtensibilityAddIns) = postSolution
	EndGlobalSection
EndGlobal
